// !$*UTF8*$!
{
	archiveVersion = 1;
	classes = {
	};
	objectVersion = 55;
	objects = {

/* Begin PBXBuildFile section */
		82BFCD18289ADC8B0091295E /* AppDelegate.swift in Sources */ = {isa = PBXBuildFile; fileRef = 82BFCD17289ADC8B0091295E /* AppDelegate.swift */; };
		82BFCD1A289ADC8B0091295E /* SceneDelegate.swift in Sources */ = {isa = PBXBuildFile; fileRef = 82BFCD19289ADC8B0091295E /* SceneDelegate.swift */; };
		82BFCD1C289ADC8B0091295E /* ViewController.swift in Sources */ = {isa = PBXBuildFile; fileRef = 82BFCD1B289ADC8B0091295E /* ViewController.swift */; };
		82BFCD1F289ADC8B0091295E /* Main.storyboard in Resources */ = {isa = PBXBuildFile; fileRef = 82BFCD1D289ADC8B0091295E /* Main.storyboard */; };
		82BFCD22289ADC8B0091295E /* Sports_App.xcdatamodeld in Sources */ = {isa = PBXBuildFile; fileRef = 82BFCD20289ADC8B0091295E /* Sports_App.xcdatamodeld */; };
		82BFCD24289ADC8C0091295E /* Assets.xcassets in Resources */ = {isa = PBXBuildFile; fileRef = 82BFCD23289ADC8C0091295E /* Assets.xcassets */; };
		82BFCD27289ADC8C0091295E /* LaunchScreen.storyboard in Resources */ = {isa = PBXBuildFile; fileRef = 82BFCD25289ADC8C0091295E /* LaunchScreen.storyboard */; };
		82BFCD32289ADC8C0091295E /* Sports_AppTests.swift in Sources */ = {isa = PBXBuildFile; fileRef = 82BFCD31289ADC8C0091295E /* Sports_AppTests.swift */; };
		82BFCD3C289ADC8C0091295E /* Sports_AppUITests.swift in Sources */ = {isa = PBXBuildFile; fileRef = 82BFCD3B289ADC8C0091295E /* Sports_AppUITests.swift */; };
		82BFCD3E289ADC8C0091295E /* Sports_AppUITestsLaunchTests.swift in Sources */ = {isa = PBXBuildFile; fileRef = 82BFCD3D289ADC8C0091295E /* Sports_AppUITestsLaunchTests.swift */; };
/* End PBXBuildFile section */

/* Begin PBXContainerItemProxy section */
		82BFCD2E289ADC8C0091295E /* PBXContainerItemProxy */ = {
			isa = PBXContainerItemProxy;
			containerPortal = 82BFCD0C289ADC8B0091295E /* Project object */;
			proxyType = 1;
			remoteGlobalIDString = 82BFCD13289ADC8B0091295E;
			remoteInfo = "Sports App";
		};
		82BFCD38289ADC8C0091295E /* PBXContainerItemProxy */ = {
			isa = PBXContainerItemProxy;
			containerPortal = 82BFCD0C289ADC8B0091295E /* Project object */;
			proxyType = 1;
			remoteGlobalIDString = 82BFCD13289ADC8B0091295E;
			remoteInfo = "Sports App";
		};
/* End PBXContainerItemProxy section */

/* Begin PBXFileReference section */
		82BFCD14289ADC8B0091295E /* Sports App.app */ = {isa = PBXFileReference; explicitFileType = wrapper.application; includeInIndex = 0; path = "Sports App.app"; sourceTree = BUILT_PRODUCTS_DIR; };
		82BFCD17289ADC8B0091295E /* AppDelegate.swift */ = {isa = PBXFileReference; lastKnownFileType = sourcecode.swift; path = AppDelegate.swift; sourceTree = "<group>"; };
		82BFCD19289ADC8B0091295E /* SceneDelegate.swift */ = {isa = PBXFileReference; lastKnownFileType = sourcecode.swift; path = SceneDelegate.swift; sourceTree = "<group>"; };
		82BFCD1B289ADC8B0091295E /* ViewController.swift */ = {isa = PBXFileReference; lastKnownFileType = sourcecode.swift; path = ViewController.swift; sourceTree = "<group>"; };
		82BFCD1E289ADC8B0091295E /* Base */ = {isa = PBXFileReference; lastKnownFileType = file.storyboard; name = Base; path = Base.lproj/Main.storyboard; sourceTree = "<group>"; };
		82BFCD21289ADC8B0091295E /* Sports_App.xcdatamodel */ = {isa = PBXFileReference; lastKnownFileType = wrapper.xcdatamodel; path = Sports_App.xcdatamodel; sourceTree = "<group>"; };
		82BFCD23289ADC8C0091295E /* Assets.xcassets */ = {isa = PBXFileReference; lastKnownFileType = folder.assetcatalog; path = Assets.xcassets; sourceTree = "<group>"; };
		82BFCD26289ADC8C0091295E /* Base */ = {isa = PBXFileReference; lastKnownFileType = file.storyboard; name = Base; path = Base.lproj/LaunchScreen.storyboard; sourceTree = "<group>"; };
		82BFCD28289ADC8C0091295E /* Info.plist */ = {isa = PBXFileReference; lastKnownFileType = text.plist.xml; path = Info.plist; sourceTree = "<group>"; };
		82BFCD2D289ADC8C0091295E /* Sports AppTests.xctest */ = {isa = PBXFileReference; explicitFileType = wrapper.cfbundle; includeInIndex = 0; path = "Sports AppTests.xctest"; sourceTree = BUILT_PRODUCTS_DIR; };
		82BFCD31289ADC8C0091295E /* Sports_AppTests.swift */ = {isa = PBXFileReference; lastKnownFileType = sourcecode.swift; path = Sports_AppTests.swift; sourceTree = "<group>"; };
		82BFCD37289ADC8C0091295E /* Sports AppUITests.xctest */ = {isa = PBXFileReference; explicitFileType = wrapper.cfbundle; includeInIndex = 0; path = "Sports AppUITests.xctest"; sourceTree = BUILT_PRODUCTS_DIR; };
		82BFCD3B289ADC8C0091295E /* Sports_AppUITests.swift */ = {isa = PBXFileReference; lastKnownFileType = sourcecode.swift; path = Sports_AppUITests.swift; sourceTree = "<group>"; };
		82BFCD3D289ADC8C0091295E /* Sports_AppUITestsLaunchTests.swift */ = {isa = PBXFileReference; lastKnownFileType = sourcecode.swift; path = Sports_AppUITestsLaunchTests.swift; sourceTree = "<group>"; };
/* End PBXFileReference section */

/* Begin PBXFrameworksBuildPhase section */
		82BFCD11289ADC8B0091295E /* Frameworks */ = {
			isa = PBXFrameworksBuildPhase;
			buildActionMask = 2147483647;
			files = (
			);
			runOnlyForDeploymentPostprocessing = 0;
		};
		82BFCD2A289ADC8C0091295E /* Frameworks */ = {
			isa = PBXFrameworksBuildPhase;
			buildActionMask = 2147483647;
			files = (
			);
			runOnlyForDeploymentPostprocessing = 0;
		};
		82BFCD34289ADC8C0091295E /* Frameworks */ = {
			isa = PBXFrameworksBuildPhase;
			buildActionMask = 2147483647;
			files = (
			);
			runOnlyForDeploymentPostprocessing = 0;
		};
/* End PBXFrameworksBuildPhase section */

/* Begin PBXGroup section */
		82BFCD0B289ADC8B0091295E = {
			isa = PBXGroup;
			children = (
				82BFCD16289ADC8B0091295E /* Sports App */,
				82BFCD30289ADC8C0091295E /* Sports AppTests */,
				82BFCD3A289ADC8C0091295E /* Sports AppUITests */,
				82BFCD15289ADC8B0091295E /* Products */,
			);
			sourceTree = "<group>";
		};
		82BFCD15289ADC8B0091295E /* Products */ = {
			isa = PBXGroup;
			children = (
				82BFCD14289ADC8B0091295E /* Sports App.app */,
				82BFCD2D289ADC8C0091295E /* Sports AppTests.xctest */,
				82BFCD37289ADC8C0091295E /* Sports AppUITests.xctest */,
			);
			name = Products;
			sourceTree = "<group>";
		};
		82BFCD16289ADC8B0091295E /* Sports App */ = {
			isa = PBXGroup;
			children = (
				82BFCD17289ADC8B0091295E /* AppDelegate.swift */,
				82BFCD19289ADC8B0091295E /* SceneDelegate.swift */,
				82BFCD1B289ADC8B0091295E /* ViewController.swift */,
				82BFCD1D289ADC8B0091295E /* Main.storyboard */,
				82BFCD23289ADC8C0091295E /* Assets.xcassets */,
				82BFCD25289ADC8C0091295E /* LaunchScreen.storyboard */,
				82BFCD28289ADC8C0091295E /* Info.plist */,
				82BFCD20289ADC8B0091295E /* Sports_App.xcdatamodeld */,
			);
			path = "Sports App";
			sourceTree = "<group>";
		};
		82BFCD30289ADC8C0091295E /* Sports AppTests */ = {
			isa = PBXGroup;
			children = (
				82BFCD31289ADC8C0091295E /* Sports_AppTests.swift */,
			);
			path = "Sports AppTests";
			sourceTree = "<group>";
		};
		82BFCD3A289ADC8C0091295E /* Sports AppUITests */ = {
			isa = PBXGroup;
			children = (
				82BFCD3B289ADC8C0091295E /* Sports_AppUITests.swift */,
				82BFCD3D289ADC8C0091295E /* Sports_AppUITestsLaunchTests.swift */,
			);
			path = "Sports AppUITests";
			sourceTree = "<group>";
		};
/* End PBXGroup section */

/* Begin PBXNativeTarget section */
		82BFCD13289ADC8B0091295E /* Sports App */ = {
			isa = PBXNativeTarget;
			buildConfigurationList = 82BFCD41289ADC8C0091295E /* Build configuration list for PBXNativeTarget "Sports App" */;
			buildPhases = (
				82BFCD10289ADC8B0091295E /* Sources */,
				82BFCD11289ADC8B0091295E /* Frameworks */,
				82BFCD12289ADC8B0091295E /* Resources */,
			);
			buildRules = (
			);
			dependencies = (
			);
			name = "Sports App";
			productName = "Sports App";
			productReference = 82BFCD14289ADC8B0091295E /* Sports App.app */;
			productType = "com.apple.product-type.application";
		};
		82BFCD2C289ADC8C0091295E /* Sports AppTests */ = {
			isa = PBXNativeTarget;
			buildConfigurationList = 82BFCD44289ADC8C0091295E /* Build configuration list for PBXNativeTarget "Sports AppTests" */;
			buildPhases = (
				82BFCD29289ADC8C0091295E /* Sources */,
				82BFCD2A289ADC8C0091295E /* Frameworks */,
				82BFCD2B289ADC8C0091295E /* Resources */,
			);
			buildRules = (
			);
			dependencies = (
				82BFCD2F289ADC8C0091295E /* PBXTargetDependency */,
			);
			name = "Sports AppTests";
			productName = "Sports AppTests";
			productReference = 82BFCD2D289ADC8C0091295E /* Sports AppTests.xctest */;
			productType = "com.apple.product-type.bundle.unit-test";
		};
		82BFCD36289ADC8C0091295E /* Sports AppUITests */ = {
			isa = PBXNativeTarget;
			buildConfigurationList = 82BFCD47289ADC8C0091295E /* Build configuration list for PBXNativeTarget "Sports AppUITests" */;
			buildPhases = (
				82BFCD33289ADC8C0091295E /* Sources */,
				82BFCD34289ADC8C0091295E /* Frameworks */,
				82BFCD35289ADC8C0091295E /* Resources */,
			);
			buildRules = (
			);
			dependencies = (
				82BFCD39289ADC8C0091295E /* PBXTargetDependency */,
			);
			name = "Sports AppUITests";
			productName = "Sports AppUITests";
			productReference = 82BFCD37289ADC8C0091295E /* Sports AppUITests.xctest */;
			productType = "com.apple.product-type.bundle.ui-testing";
		};
/* End PBXNativeTarget section */

/* Begin PBXProject section */
		82BFCD0C289ADC8B0091295E /* Project object */ = {
			isa = PBXProject;
			attributes = {
				BuildIndependentTargetsInParallel = 1;
				LastSwiftUpdateCheck = 1340;
				LastUpgradeCheck = 1340;
				TargetAttributes = {
					82BFCD13289ADC8B0091295E = {
						CreatedOnToolsVersion = 13.4.1;
					};
					82BFCD2C289ADC8C0091295E = {
						CreatedOnToolsVersion = 13.4.1;
						TestTargetID = 82BFCD13289ADC8B0091295E;
					};
					82BFCD36289ADC8C0091295E = {
						CreatedOnToolsVersion = 13.4.1;
						TestTargetID = 82BFCD13289ADC8B0091295E;
					};
				};
			};
			buildConfigurationList = 82BFCD0F289ADC8B0091295E /* Build configuration list for PBXProject "Sports App" */;
			compatibilityVersion = "Xcode 13.0";
			developmentRegion = en;
			hasScannedForEncodings = 0;
			knownRegions = (
				en,
				Base,
			);
			mainGroup = 82BFCD0B289ADC8B0091295E;
			productRefGroup = 82BFCD15289ADC8B0091295E /* Products */;
			projectDirPath = "";
			projectRoot = "";
			targets = (
				82BFCD13289ADC8B0091295E /* Sports App */,
				82BFCD2C289ADC8C0091295E /* Sports AppTests */,
				82BFCD36289ADC8C0091295E /* Sports AppUITests */,
			);
		};
/* End PBXProject section */

/* Begin PBXResourcesBuildPhase section */
		82BFCD12289ADC8B0091295E /* Resources */ = {
			isa = PBXResourcesBuildPhase;
			buildActionMask = 2147483647;
			files = (
				82BFCD27289ADC8C0091295E /* LaunchScreen.storyboard in Resources */,
				82BFCD24289ADC8C0091295E /* Assets.xcassets in Resources */,
				82BFCD1F289ADC8B0091295E /* Main.storyboard in Resources */,
			);
			runOnlyForDeploymentPostprocessing = 0;
		};
		82BFCD2B289ADC8C0091295E /* Resources */ = {
			isa = PBXResourcesBuildPhase;
			buildActionMask = 2147483647;
			files = (
			);
			runOnlyForDeploymentPostprocessing = 0;
		};
		82BFCD35289ADC8C0091295E /* Resources */ = {
			isa = PBXResourcesBuildPhase;
			buildActionMask = 2147483647;
			files = (
			);
			runOnlyForDeploymentPostprocessing = 0;
		};
/* End PBXResourcesBuildPhase section */

/* Begin PBXSourcesBuildPhase section */
		82BFCD10289ADC8B0091295E /* Sources */ = {
			isa = PBXSourcesBuildPhase;
			buildActionMask = 2147483647;
			files = (
				82BFCD1C289ADC8B0091295E /* ViewController.swift in Sources */,
				82BFCD18289ADC8B0091295E /* AppDelegate.swift in Sources */,
				82BFCD22289ADC8B0091295E /* Sports_App.xcdatamodeld in Sources */,
				82BFCD1A289ADC8B0091295E /* SceneDelegate.swift in Sources */,
			);
			runOnlyForDeploymentPostprocessing = 0;
		};
		82BFCD29289ADC8C0091295E /* Sources */ = {
			isa = PBXSourcesBuildPhase;
			buildActionMask = 2147483647;
			files = (
				82BFCD32289ADC8C0091295E /* Sports_AppTests.swift in Sources */,
			);
			runOnlyForDeploymentPostprocessing = 0;
		};
		82BFCD33289ADC8C0091295E /* Sources */ = {
			isa = PBXSourcesBuildPhase;
			buildActionMask = 2147483647;
			files = (
				82BFCD3C289ADC8C0091295E /* Sports_AppUITests.swift in Sources */,
				82BFCD3E289ADC8C0091295E /* Sports_AppUITestsLaunchTests.swift in Sources */,
			);
			runOnlyForDeploymentPostprocessing = 0;
		};
/* End PBXSourcesBuildPhase section */

/* Begin PBXTargetDependency section */
		82BFCD2F289ADC8C0091295E /* PBXTargetDependency */ = {
			isa = PBXTargetDependency;
			target = 82BFCD13289ADC8B0091295E /* Sports App */;
			targetProxy = 82BFCD2E289ADC8C0091295E /* PBXContainerItemProxy */;
		};
		82BFCD39289ADC8C0091295E /* PBXTargetDependency */ = {
			isa = PBXTargetDependency;
			target = 82BFCD13289ADC8B0091295E /* Sports App */;
			targetProxy = 82BFCD38289ADC8C0091295E /* PBXContainerItemProxy */;
		};
/* End PBXTargetDependency section */

/* Begin PBXVariantGroup section */
		82BFCD1D289ADC8B0091295E /* Main.storyboard */ = {
			isa = PBXVariantGroup;
			children = (
				82BFCD1E289ADC8B0091295E /* Base */,
			);
			name = Main.storyboard;
			sourceTree = "<group>";
		};
		82BFCD25289ADC8C0091295E /* LaunchScreen.storyboard */ = {
			isa = PBXVariantGroup;
			children = (
				82BFCD26289ADC8C0091295E /* Base */,
			);
			name = LaunchScreen.storyboard;
			sourceTree = "<group>";
		};
/* End PBXVariantGroup section */

/* Begin XCBuildConfiguration section */
		82BFCD3F289ADC8C0091295E /* Debug */ = {
			isa = XCBuildConfiguration;
			buildSettings = {
				ALWAYS_SEARCH_USER_PATHS = NO;
				CLANG_ANALYZER_NONNULL = YES;
				CLANG_ANALYZER_NUMBER_OBJECT_CONVERSION = YES_AGGRESSIVE;
				CLANG_CXX_LANGUAGE_STANDARD = "gnu++17";
				CLANG_ENABLE_MODULES = YES;
				CLANG_ENABLE_OBJC_ARC = YES;
				CLANG_ENABLE_OBJC_WEAK = YES;
				CLANG_WARN_BLOCK_CAPTURE_AUTORELEASING = YES;
				CLANG_WARN_BOOL_CONVERSION = YES;
				CLANG_WARN_COMMA = YES;
				CLANG_WARN_CONSTANT_CONVERSION = YES;
				CLANG_WARN_DEPRECATED_OBJC_IMPLEMENTATIONS = YES;
				CLANG_WARN_DIRECT_OBJC_ISA_USAGE = YES_ERROR;
				CLANG_WARN_DOCUMENTATION_COMMENTS = YES;
				CLANG_WARN_EMPTY_BODY = YES;
				CLANG_WARN_ENUM_CONVERSION = YES;
				CLANG_WARN_INFINITE_RECURSION = YES;
				CLANG_WARN_INT_CONVERSION = YES;
				CLANG_WARN_NON_LITERAL_NULL_CONVERSION = YES;
				CLANG_WARN_OBJC_IMPLICIT_RETAIN_SELF = YES;
				CLANG_WARN_OBJC_LITERAL_CONVERSION = YES;
				CLANG_WARN_OBJC_ROOT_CLASS = YES_ERROR;
				CLANG_WARN_QUOTED_INCLUDE_IN_FRAMEWORK_HEADER = YES;
				CLANG_WARN_RANGE_LOOP_ANALYSIS = YES;
				CLANG_WARN_STRICT_PROTOTYPES = YES;
				CLANG_WARN_SUSPICIOUS_MOVE = YES;
				CLANG_WARN_UNGUARDED_AVAILABILITY = YES_AGGRESSIVE;
				CLANG_WARN_UNREACHABLE_CODE = YES;
				CLANG_WARN__DUPLICATE_METHOD_MATCH = YES;
				COPY_PHASE_STRIP = NO;
				DEBUG_INFORMATION_FORMAT = dwarf;
				ENABLE_STRICT_OBJC_MSGSEND = YES;
				ENABLE_TESTABILITY = YES;
				GCC_C_LANGUAGE_STANDARD = gnu11;
				GCC_DYNAMIC_NO_PIC = NO;
				GCC_NO_COMMON_BLOCKS = YES;
				GCC_OPTIMIZATION_LEVEL = 0;
				GCC_PREPROCESSOR_DEFINITIONS = (
					"DEBUG=1",
					"$(inherited)",
				);
				GCC_WARN_64_TO_32_BIT_CONVERSION = YES;
				GCC_WARN_ABOUT_RETURN_TYPE = YES_ERROR;
				GCC_WARN_UNDECLARED_SELECTOR = YES;
				GCC_WARN_UNINITIALIZED_AUTOS = YES_AGGRESSIVE;
				GCC_WARN_UNUSED_FUNCTION = YES;
				GCC_WARN_UNUSED_VARIABLE = YES;
				IPHONEOS_DEPLOYMENT_TARGET = 15.5;
				MTL_ENABLE_DEBUG_INFO = INCLUDE_SOURCE;
				MTL_FAST_MATH = YES;
				ONLY_ACTIVE_ARCH = YES;
				SDKROOT = iphoneos;
				SWIFT_ACTIVE_COMPILATION_CONDITIONS = DEBUG;
				SWIFT_OPTIMIZATION_LEVEL = "-Onone";
			};
			name = Debug;
		};
		82BFCD40289ADC8C0091295E /* Release */ = {
			isa = XCBuildConfiguration;
			buildSettings = {
				ALWAYS_SEARCH_USER_PATHS = NO;
				CLANG_ANALYZER_NONNULL = YES;
				CLANG_ANALYZER_NUMBER_OBJECT_CONVERSION = YES_AGGRESSIVE;
				CLANG_CXX_LANGUAGE_STANDARD = "gnu++17";
				CLANG_ENABLE_MODULES = YES;
				CLANG_ENABLE_OBJC_ARC = YES;
				CLANG_ENABLE_OBJC_WEAK = YES;
				CLANG_WARN_BLOCK_CAPTURE_AUTORELEASING = YES;
				CLANG_WARN_BOOL_CONVERSION = YES;
				CLANG_WARN_COMMA = YES;
				CLANG_WARN_CONSTANT_CONVERSION = YES;
				CLANG_WARN_DEPRECATED_OBJC_IMPLEMENTATIONS = YES;
				CLANG_WARN_DIRECT_OBJC_ISA_USAGE = YES_ERROR;
				CLANG_WARN_DOCUMENTATION_COMMENTS = YES;
				CLANG_WARN_EMPTY_BODY = YES;
				CLANG_WARN_ENUM_CONVERSION = YES;
				CLANG_WARN_INFINITE_RECURSION = YES;
				CLANG_WARN_INT_CONVERSION = YES;
				CLANG_WARN_NON_LITERAL_NULL_CONVERSION = YES;
				CLANG_WARN_OBJC_IMPLICIT_RETAIN_SELF = YES;
				CLANG_WARN_OBJC_LITERAL_CONVERSION = YES;
				CLANG_WARN_OBJC_ROOT_CLASS = YES_ERROR;
				CLANG_WARN_QUOTED_INCLUDE_IN_FRAMEWORK_HEADER = YES;
				CLANG_WARN_RANGE_LOOP_ANALYSIS = YES;
				CLANG_WARN_STRICT_PROTOTYPES = YES;
				CLANG_WARN_SUSPICIOUS_MOVE = YES;
				CLANG_WARN_UNGUARDED_AVAILABILITY = YES_AGGRESSIVE;
				CLANG_WARN_UNREACHABLE_CODE = YES;
				CLANG_WARN__DUPLICATE_METHOD_MATCH = YES;
				COPY_PHASE_STRIP = NO;
				DEBUG_INFORMATION_FORMAT = "dwarf-with-dsym";
				ENABLE_NS_ASSERTIONS = NO;
				ENABLE_STRICT_OBJC_MSGSEND = YES;
				GCC_C_LANGUAGE_STANDARD = gnu11;
				GCC_NO_COMMON_BLOCKS = YES;
				GCC_WARN_64_TO_32_BIT_CONVERSION = YES;
				GCC_WARN_ABOUT_RETURN_TYPE = YES_ERROR;
				GCC_WARN_UNDECLARED_SELECTOR = YES;
				GCC_WARN_UNINITIALIZED_AUTOS = YES_AGGRESSIVE;
				GCC_WARN_UNUSED_FUNCTION = YES;
				GCC_WARN_UNUSED_VARIABLE = YES;
				IPHONEOS_DEPLOYMENT_TARGET = 15.5;
				MTL_ENABLE_DEBUG_INFO = NO;
				MTL_FAST_MATH = YES;
				SDKROOT = iphoneos;
				SWIFT_COMPILATION_MODE = wholemodule;
				SWIFT_OPTIMIZATION_LEVEL = "-O";
				VALIDATE_PRODUCT = YES;
			};
			name = Release;
		};
		82BFCD42289ADC8C0091295E /* Debug */ = {
			isa = XCBuildConfiguration;
			buildSettings = {
				ASSETCATALOG_COMPILER_APPICON_NAME = AppIcon;
				ASSETCATALOG_COMPILER_GLOBAL_ACCENT_COLOR_NAME = AccentColor;
				CODE_SIGN_STYLE = Automatic;
				CURRENT_PROJECT_VERSION = 1;
				GENERATE_INFOPLIST_FILE = YES;
				INFOPLIST_FILE = "Sports App/Info.plist";
				INFOPLIST_KEY_UIApplicationSupportsIndirectInputEvents = YES;
				INFOPLIST_KEY_UILaunchStoryboardName = LaunchScreen;
				INFOPLIST_KEY_UIMainStoryboardFile = Main;
				INFOPLIST_KEY_UISupportedInterfaceOrientations_iPad = "UIInterfaceOrientationPortrait UIInterfaceOrientationPortraitUpsideDown UIInterfaceOrientationLandscapeLeft UIInterfaceOrientationLandscapeRight";
				INFOPLIST_KEY_UISupportedInterfaceOrientations_iPhone = "UIInterfaceOrientationPortrait UIInterfaceOrientationLandscapeLeft UIInterfaceOrientationLandscapeRight";
				LD_RUNPATH_SEARCH_PATHS = (
					"$(inherited)",
					"@executable_path/Frameworks",
				);
				MARKETING_VERSION = 1.0;
				PRODUCT_BUNDLE_IDENTIFIER = "MahmoudSaad.Sports-App";
				PRODUCT_NAME = "$(TARGET_NAME)";
				SWIFT_EMIT_LOC_STRINGS = YES;
				SWIFT_VERSION = 5.0;
				TARGETED_DEVICE_FAMILY = "1,2";
			};
			name = Debug;
		};
		82BFCD43289ADC8C0091295E /* Release */ = {
			isa = XCBuildConfiguration;
			buildSettings = {
				ASSETCATALOG_COMPILER_APPICON_NAME = AppIcon;
				ASSETCATALOG_COMPILER_GLOBAL_ACCENT_COLOR_NAME = AccentColor;
				CODE_SIGN_STYLE = Automatic;
				CURRENT_PROJECT_VERSION = 1;
				GENERATE_INFOPLIST_FILE = YES;
				INFOPLIST_FILE = "Sports App/Info.plist";
				INFOPLIST_KEY_UIApplicationSupportsIndirectInputEvents = YES;
				INFOPLIST_KEY_UILaunchStoryboardName = LaunchScreen;
				INFOPLIST_KEY_UIMainStoryboardFile = Main;
				INFOPLIST_KEY_UISupportedInterfaceOrientations_iPad = "UIInterfaceOrientationPortrait UIInterfaceOrientationPortraitUpsideDown UIInterfaceOrientationLandscapeLeft UIInterfaceOrientationLandscapeRight";
				INFOPLIST_KEY_UISupportedInterfaceOrientations_iPhone = "UIInterfaceOrientationPortrait UIInterfaceOrientationLandscapeLeft UIInterfaceOrientationLandscapeRight";
				LD_RUNPATH_SEARCH_PATHS = (
					"$(inherited)",
					"@executable_path/Frameworks",
				);
				MARKETING_VERSION = 1.0;
				PRODUCT_BUNDLE_IDENTIFIER = "MahmoudSaad.Sports-App";
				PRODUCT_NAME = "$(TARGET_NAME)";
				SWIFT_EMIT_LOC_STRINGS = YES;
				SWIFT_VERSION = 5.0;
				TARGETED_DEVICE_FAMILY = "1,2";
			};
			name = Release;
		};
		82BFCD45289ADC8C0091295E /* Debug */ = {
			isa = XCBuildConfiguration;
			buildSettings = {
				ALWAYS_EMBED_SWIFT_STANDARD_LIBRARIES = YES;
				BUNDLE_LOADER = "$(TEST_HOST)";
				CODE_SIGN_STYLE = Automatic;
				CURRENT_PROJECT_VERSION = 1;
				GENERATE_INFOPLIST_FILE = YES;
				IPHONEOS_DEPLOYMENT_TARGET = 15.5;
				MARKETING_VERSION = 1.0;
				PRODUCT_BUNDLE_IDENTIFIER = "MahmoudSaad.Sports-AppTests";
				PRODUCT_NAME = "$(TARGET_NAME)";
				SWIFT_EMIT_LOC_STRINGS = NO;
				SWIFT_VERSION = 5.0;
				TARGETED_DEVICE_FAMILY = "1,2";
				TEST_HOST = "$(BUILT_PRODUCTS_DIR)/Sports App.app/Sports App";
			};
			name = Debug;
		};
		82BFCD46289ADC8C0091295E /* Release */ = {
			isa = XCBuildConfiguration;
			buildSettings = {
				ALWAYS_EMBED_SWIFT_STANDARD_LIBRARIES = YES;
				BUNDLE_LOADER = "$(TEST_HOST)";
				CODE_SIGN_STYLE = Automatic;
				CURRENT_PROJECT_VERSION = 1;
				GENERATE_INFOPLIST_FILE = YES;
				IPHONEOS_DEPLOYMENT_TARGET = 15.5;
				MARKETING_VERSION = 1.0;
				PRODUCT_BUNDLE_IDENTIFIER = "MahmoudSaad.Sports-AppTests";
				PRODUCT_NAME = "$(TARGET_NAME)";
				SWIFT_EMIT_LOC_STRINGS = NO;
				SWIFT_VERSION = 5.0;
				TARGETED_DEVICE_FAMILY = "1,2";
				TEST_HOST = "$(BUILT_PRODUCTS_DIR)/Sports App.app/Sports App";
			};
			name = Release;
		};
		82BFCD48289ADC8C0091295E /* Debug */ = {
			isa = XCBuildConfiguration;
			buildSettings = {
				ALWAYS_EMBED_SWIFT_STANDARD_LIBRARIES = YES;
				CODE_SIGN_STYLE = Automatic;
				CURRENT_PROJECT_VERSION = 1;
				GENERATE_INFOPLIST_FILE = YES;
				MARKETING_VERSION = 1.0;
				PRODUCT_BUNDLE_IDENTIFIER = "MahmoudSaad.Sports-AppUITests";
				PRODUCT_NAME = "$(TARGET_NAME)";
				SWIFT_EMIT_LOC_STRINGS = NO;
				SWIFT_VERSION = 5.0;
				TARGETED_DEVICE_FAMILY = "1,2";
				TEST_TARGET_NAME = "Sports App";
			};
			name = Debug;
		};
		82BFCD49289ADC8C0091295E /* Release */ = {
			isa = XCBuildConfiguration;
			buildSettings = {
				ALWAYS_EMBED_SWIFT_STANDARD_LIBRARIES = YES;
				CODE_SIGN_STYLE = Automatic;
				CURRENT_PROJECT_VERSION = 1;
				GENERATE_INFOPLIST_FILE = YES;
				MARKETING_VERSION = 1.0;
				PRODUCT_BUNDLE_IDENTIFIER = "MahmoudSaad.Sports-AppUITests";
				PRODUCT_NAME = "$(TARGET_NAME)";
				SWIFT_EMIT_LOC_STRINGS = NO;
				SWIFT_VERSION = 5.0;
				TARGETED_DEVICE_FAMILY = "1,2";
				TEST_TARGET_NAME = "Sports App";
			};
			name = Release;
		};
/* End XCBuildConfiguration section */

/* Begin XCConfigurationList section */
		82BFCD0F289ADC8B0091295E /* Build configuration list for PBXProject "Sports App" */ = {
			isa = XCConfigurationList;
			buildConfigurations = (
				82BFCD3F289ADC8C0091295E /* Debug */,
				82BFCD40289ADC8C0091295E /* Release */,
			);
			defaultConfigurationIsVisible = 0;
			defaultConfigurationName = Release;
		};
		82BFCD41289ADC8C0091295E /* Build configuration list for PBXNativeTarget "Sports App" */ = {
			isa = XCConfigurationList;
			buildConfigurations = (
				82BFCD42289ADC8C0091295E /* Debug */,
				82BFCD43289ADC8C0091295E /* Release */,
			);
			defaultConfigurationIsVisible = 0;
			defaultConfigurationName = Release;
		};
		82BFCD44289ADC8C0091295E /* Build configuration list for PBXNativeTarget "Sports AppTests" */ = {
			isa = XCConfigurationList;
			buildConfigurations = (
				82BFCD45289ADC8C0091295E /* Debug */,
				82BFCD46289ADC8C0091295E /* Release */,
			);
			defaultConfigurationIsVisible = 0;
			defaultConfigurationName = Release;
		};
		82BFCD47289ADC8C0091295E /* Build configuration list for PBXNativeTarget "Sports AppUITests" */ = {
			isa = XCConfigurationList;
			buildConfigurations = (
				82BFCD48289ADC8C0091295E /* Debug */,
				82BFCD49289ADC8C0091295E /* Release */,
			);
			defaultConfigurationIsVisible = 0;
			defaultConfigurationName = Release;
		};
/* End XCConfigurationList section */

/* Begin XCVersionGroup section */
		82BFCD20289ADC8B0091295E /* Sports_App.xcdatamodeld */ = {
			isa = XCVersionGroup;
			children = (
				82BFCD21289ADC8B0091295E /* Sports_App.xcdatamodel */,
			);
			currentVersion = 82BFCD21289ADC8B0091295E /* Sports_App.xcdatamodel */;
			path = Sports_App.xcdatamodeld;
			sourceTree = "<group>";
			versionGroupType = wrapper.xcdatamodel;
		};
/* End XCVersionGroup section */
	};
	rootObject = 82BFCD0C289ADC8B0091295E /* Project object */;
}
