// !$*UTF8*$!
{
	archiveVersion = 1;
	classes = {
	};
	objectVersion = 55;
	objects = {

/* Begin PBXBuildFile section */
		08EC81AE8568E38D84E2098F /* Pods_Sports_App.framework in Frameworks */ = {isa = PBXBuildFile; fileRef = FCD8EFBC56059F4D19302F31 /* Pods_Sports_App.framework */; };
		5887CAD1FFE0AE9888F4E104 /* Pods_Sports_App_Sports_AppUITests.framework in Frameworks */ = {isa = PBXBuildFile; fileRef = C173B5D9B35D9B21B0104253 /* Pods_Sports_App_Sports_AppUITests.framework */; };
		8216DF4828A0009800C8B0E0 /* TeamDeatailsController.swift in Sources */ = {isa = PBXBuildFile; fileRef = 8216DF4728A0009800C8B0E0 /* TeamDeatailsController.swift */; };
		8216DF4B28A0238200C8B0E0 /* FavoriteController.swift in Sources */ = {isa = PBXBuildFile; fileRef = 8216DF4A28A0238200C8B0E0 /* FavoriteController.swift */; };
		8216DF4D28A026C300C8B0E0 /* FavoriteCell.swift in Sources */ = {isa = PBXBuildFile; fileRef = 8216DF4C28A026C300C8B0E0 /* FavoriteCell.swift */; };
		8219EBF9289D5D6000EF9716 /* LeagueDetailsController.swift in Sources */ = {isa = PBXBuildFile; fileRef = 8219EBF8289D5D6000EF9716 /* LeagueDetailsController.swift */; };
		8219EBFE289D637300EF9716 /* upCommingCell.swift in Sources */ = {isa = PBXBuildFile; fileRef = 8219EBFC289D637300EF9716 /* upCommingCell.swift */; };
		8219EBFF289D637300EF9716 /* upCommingCell.xib in Resources */ = {isa = PBXBuildFile; fileRef = 8219EBFD289D637300EF9716 /* upCommingCell.xib */; };
		8219EC02289D666200EF9716 /* EventCell.swift in Sources */ = {isa = PBXBuildFile; fileRef = 8219EC00289D666200EF9716 /* EventCell.swift */; };
		8219EC03289D666200EF9716 /* EventCell.xib in Resources */ = {isa = PBXBuildFile; fileRef = 8219EC01289D666200EF9716 /* EventCell.xib */; };
		82987985289EC26B00E73B18 /* TeamCell.swift in Sources */ = {isa = PBXBuildFile; fileRef = 82987983289EC26B00E73B18 /* TeamCell.swift */; };
		82987986289EC26B00E73B18 /* TeamCell.xib in Resources */ = {isa = PBXBuildFile; fileRef = 82987984289EC26B00E73B18 /* TeamCell.xib */; };
		82B21FBB28A317BC0071B9C7 /* Reachability.swift in Sources */ = {isa = PBXBuildFile; fileRef = 82B21FBA28A317BC0071B9C7 /* Reachability.swift */; };
		82BFCD18289ADC8B0091295E /* AppDelegate.swift in Sources */ = {isa = PBXBuildFile; fileRef = 82BFCD17289ADC8B0091295E /* AppDelegate.swift */; };
		82BFCD1A289ADC8B0091295E /* SceneDelegate.swift in Sources */ = {isa = PBXBuildFile; fileRef = 82BFCD19289ADC8B0091295E /* SceneDelegate.swift */; };
		82BFCD1C289ADC8B0091295E /* ViewController.swift in Sources */ = {isa = PBXBuildFile; fileRef = 82BFCD1B289ADC8B0091295E /* ViewController.swift */; };
		82BFCD1F289ADC8B0091295E /* Main.storyboard in Resources */ = {isa = PBXBuildFile; fileRef = 82BFCD1D289ADC8B0091295E /* Main.storyboard */; };
		82BFCD22289ADC8B0091295E /* Sports_App.xcdatamodeld in Sources */ = {isa = PBXBuildFile; fileRef = 82BFCD20289ADC8B0091295E /* Sports_App.xcdatamodeld */; };
		82BFCD24289ADC8C0091295E /* Assets.xcassets in Resources */ = {isa = PBXBuildFile; fileRef = 82BFCD23289ADC8C0091295E /* Assets.xcassets */; };
		82BFCD27289ADC8C0091295E /* LaunchScreen.storyboard in Resources */ = {isa = PBXBuildFile; fileRef = 82BFCD25289ADC8C0091295E /* LaunchScreen.storyboard */; };
		82BFCD32289ADC8C0091295E /* Sports_AppTests.swift in Sources */ = {isa = PBXBuildFile; fileRef = 82BFCD31289ADC8C0091295E /* Sports_AppTests.swift */; };
		82BFCD3C289ADC8C0091295E /* Sports_AppUITests.swift in Sources */ = {isa = PBXBuildFile; fileRef = 82BFCD3B289ADC8C0091295E /* Sports_AppUITests.swift */; };
		82BFCD3E289ADC8C0091295E /* Sports_AppUITestsLaunchTests.swift in Sources */ = {isa = PBXBuildFile; fileRef = 82BFCD3D289ADC8C0091295E /* Sports_AppUITestsLaunchTests.swift */; };
		82BFCD4C289ADD980091295E /* extension.swift in Sources */ = {isa = PBXBuildFile; fileRef = 82BFCD4B289ADD980091295E /* extension.swift */; };
		82BFCD4F289ADF950091295E /* SportCoreData.swift in Sources */ = {isa = PBXBuildFile; fileRef = 82BFCD4E289ADF950091295E /* SportCoreData.swift */; };
		82BFCD52289AE0BF0091295E /* HomeContract.swift in Sources */ = {isa = PBXBuildFile; fileRef = 82BFCD51289AE0BF0091295E /* HomeContract.swift */; };
		82BFCD54289AE0F80091295E /* LeagueContract.swift in Sources */ = {isa = PBXBuildFile; fileRef = 82BFCD53289AE0F80091295E /* LeagueContract.swift */; };
		82BFCD56289AE1170091295E /* EventContract.swift in Sources */ = {isa = PBXBuildFile; fileRef = 82BFCD55289AE1170091295E /* EventContract.swift */; };
		82BFCD59289AE1460091295E /* Sport.swift in Sources */ = {isa = PBXBuildFile; fileRef = 82BFCD58289AE1460091295E /* Sport.swift */; };
		82BFCD5B289AE14E0091295E /* League.swift in Sources */ = {isa = PBXBuildFile; fileRef = 82BFCD5A289AE14E0091295E /* League.swift */; };
		82BFCD5D289AE1570091295E /* Events.swift in Sources */ = {isa = PBXBuildFile; fileRef = 82BFCD5C289AE1570091295E /* Events.swift */; };
		82BFCD5F289AE1BB0091295E /* Teams.swift in Sources */ = {isa = PBXBuildFile; fileRef = 82BFCD5E289AE1BB0091295E /* Teams.swift */; };
		82BFCD61289AE1CD0091295E /* TeamDetails.swift in Sources */ = {isa = PBXBuildFile; fileRef = 82BFCD60289AE1CD0091295E /* TeamDetails.swift */; };
		82BFCD65289AE2FD0091295E /* Home Presenter.swift in Sources */ = {isa = PBXBuildFile; fileRef = 82BFCD64289AE2FD0091295E /* Home Presenter.swift */; };
		82BFCD67289AE30B0091295E /* League Presenter.swift in Sources */ = {isa = PBXBuildFile; fileRef = 82BFCD66289AE30B0091295E /* League Presenter.swift */; };
		82BFCD69289AE31F0091295E /* Event Presenter.swift in Sources */ = {isa = PBXBuildFile; fileRef = 82BFCD68289AE31F0091295E /* Event Presenter.swift */; };
		82BFCD6D289AE39E0091295E /* Urls.swift in Sources */ = {isa = PBXBuildFile; fileRef = 82BFCD6C289AE39E0091295E /* Urls.swift */; };
		82BFCD6F289AE3AF0091295E /* ApiServices.swift in Sources */ = {isa = PBXBuildFile; fileRef = 82BFCD6E289AE3AF0091295E /* ApiServices.swift */; };
		82BFCD72289AE4130091295E /* NetworkManager.swift in Sources */ = {isa = PBXBuildFile; fileRef = 82BFCD71289AE4130091295E /* NetworkManager.swift */; };
		82BFCD76289AE4A30091295E /* jsonDecoder.swift in Sources */ = {isa = PBXBuildFile; fileRef = 82BFCD75289AE4A30091295E /* jsonDecoder.swift */; };
		82BFCD79289AE4F10091295E /* Home Model Controller.swift in Sources */ = {isa = PBXBuildFile; fileRef = 82BFCD78289AE4F10091295E /* Home Model Controller.swift */; };
		82BFCD7B289AE4FD0091295E /* league Model Controller.swift in Sources */ = {isa = PBXBuildFile; fileRef = 82BFCD7A289AE4FD0091295E /* league Model Controller.swift */; };
		82BFCD7D289AE5310091295E /* Event Model Controller.swift in Sources */ = {isa = PBXBuildFile; fileRef = 82BFCD7C289AE5310091295E /* Event Model Controller.swift */; };
		82BFCD83289AEBE30091295E /* SportsCollectionViewCell.swift in Sources */ = {isa = PBXBuildFile; fileRef = 82BFCD82289AEBE30091295E /* SportsCollectionViewCell.swift */; };
		82E1651E289C128B0047D500 /* LeaguesViewController.swift in Sources */ = {isa = PBXBuildFile; fileRef = 82E1651D289C128B0047D500 /* LeaguesViewController.swift */; };
		82E16524289C23E00047D500 /* LeaguesCell.swift in Sources */ = {isa = PBXBuildFile; fileRef = 82E16523289C23E00047D500 /* LeaguesCell.swift */; };
		F0606DE52D69D6C0B1337A2E /* Pods_Sports_AppTests.framework in Frameworks */ = {isa = PBXBuildFile; fileRef = EDE56A53BF51D8908A6405E6 /* Pods_Sports_AppTests.framework */; };
/* End PBXBuildFile section */

/* Begin PBXContainerItemProxy section */
		82BFCD2E289ADC8C0091295E /* PBXContainerItemProxy */ = {
			isa = PBXContainerItemProxy;
			containerPortal = 82BFCD0C289ADC8B0091295E /* Project object */;
			proxyType = 1;
			remoteGlobalIDString = 82BFCD13289ADC8B0091295E;
			remoteInfo = "Sports App";
		};
		82BFCD38289ADC8C0091295E /* PBXContainerItemProxy */ = {
			isa = PBXContainerItemProxy;
			containerPortal = 82BFCD0C289ADC8B0091295E /* Project object */;
			proxyType = 1;
			remoteGlobalIDString = 82BFCD13289ADC8B0091295E;
			remoteInfo = "Sports App";
		};
/* End PBXContainerItemProxy section */

/* Begin PBXFileReference section */
		0779660EDA3AB930F3421765 /* Pods-Sports App.debug.xcconfig */ = {isa = PBXFileReference; includeInIndex = 1; lastKnownFileType = text.xcconfig; name = "Pods-Sports App.debug.xcconfig"; path = "Target Support Files/Pods-Sports App/Pods-Sports App.debug.xcconfig"; sourceTree = "<group>"; };
		68AF74F0BF7ECA855503FD38 /* Pods-Sports AppTests.release.xcconfig */ = {isa = PBXFileReference; includeInIndex = 1; lastKnownFileType = text.xcconfig; name = "Pods-Sports AppTests.release.xcconfig"; path = "Target Support Files/Pods-Sports AppTests/Pods-Sports AppTests.release.xcconfig"; sourceTree = "<group>"; };
		8216DF4728A0009800C8B0E0 /* TeamDeatailsController.swift */ = {isa = PBXFileReference; lastKnownFileType = sourcecode.swift; path = TeamDeatailsController.swift; sourceTree = "<group>"; };
		8216DF4A28A0238200C8B0E0 /* FavoriteController.swift */ = {isa = PBXFileReference; lastKnownFileType = sourcecode.swift; path = FavoriteController.swift; sourceTree = "<group>"; };
		8216DF4C28A026C300C8B0E0 /* FavoriteCell.swift */ = {isa = PBXFileReference; lastKnownFileType = sourcecode.swift; path = FavoriteCell.swift; sourceTree = "<group>"; };
		8219EBF8289D5D6000EF9716 /* LeagueDetailsController.swift */ = {isa = PBXFileReference; lastKnownFileType = sourcecode.swift; path = LeagueDetailsController.swift; sourceTree = "<group>"; };
		8219EBFC289D637300EF9716 /* upCommingCell.swift */ = {isa = PBXFileReference; lastKnownFileType = sourcecode.swift; path = upCommingCell.swift; sourceTree = "<group>"; };
		8219EBFD289D637300EF9716 /* upCommingCell.xib */ = {isa = PBXFileReference; lastKnownFileType = file.xib; path = upCommingCell.xib; sourceTree = "<group>"; };
		8219EC00289D666200EF9716 /* EventCell.swift */ = {isa = PBXFileReference; lastKnownFileType = sourcecode.swift; path = EventCell.swift; sourceTree = "<group>"; };
		8219EC01289D666200EF9716 /* EventCell.xib */ = {isa = PBXFileReference; lastKnownFileType = file.xib; path = EventCell.xib; sourceTree = "<group>"; };
		82987983289EC26B00E73B18 /* TeamCell.swift */ = {isa = PBXFileReference; lastKnownFileType = sourcecode.swift; path = TeamCell.swift; sourceTree = "<group>"; };
		82987984289EC26B00E73B18 /* TeamCell.xib */ = {isa = PBXFileReference; lastKnownFileType = file.xib; path = TeamCell.xib; sourceTree = "<group>"; };
		82B21FBA28A317BC0071B9C7 /* Reachability.swift */ = {isa = PBXFileReference; lastKnownFileType = sourcecode.swift; path = Reachability.swift; sourceTree = "<group>"; };
		82BFCD14289ADC8B0091295E /* Sports App.app */ = {isa = PBXFileReference; explicitFileType = wrapper.application; includeInIndex = 0; path = "Sports App.app"; sourceTree = BUILT_PRODUCTS_DIR; };
		82BFCD17289ADC8B0091295E /* AppDelegate.swift */ = {isa = PBXFileReference; lastKnownFileType = sourcecode.swift; path = AppDelegate.swift; sourceTree = "<group>"; };
		82BFCD19289ADC8B0091295E /* SceneDelegate.swift */ = {isa = PBXFileReference; lastKnownFileType = sourcecode.swift; path = SceneDelegate.swift; sourceTree = "<group>"; };
		82BFCD1B289ADC8B0091295E /* ViewController.swift */ = {isa = PBXFileReference; lastKnownFileType = sourcecode.swift; path = ViewController.swift; sourceTree = "<group>"; };
		82BFCD1E289ADC8B0091295E /* Base */ = {isa = PBXFileReference; lastKnownFileType = file.storyboard; name = Base; path = Base.lproj/Main.storyboard; sourceTree = "<group>"; };
		82BFCD21289ADC8B0091295E /* Sports_App.xcdatamodel */ = {isa = PBXFileReference; lastKnownFileType = wrapper.xcdatamodel; path = Sports_App.xcdatamodel; sourceTree = "<group>"; };
		82BFCD23289ADC8C0091295E /* Assets.xcassets */ = {isa = PBXFileReference; lastKnownFileType = folder.assetcatalog; path = Assets.xcassets; sourceTree = "<group>"; };
		82BFCD26289ADC8C0091295E /* Base */ = {isa = PBXFileReference; lastKnownFileType = file.storyboard; name = Base; path = Base.lproj/LaunchScreen.storyboard; sourceTree = "<group>"; };
		82BFCD28289ADC8C0091295E /* Info.plist */ = {isa = PBXFileReference; lastKnownFileType = text.plist.xml; path = Info.plist; sourceTree = "<group>"; };
		82BFCD2D289ADC8C0091295E /* Sports AppTests.xctest */ = {isa = PBXFileReference; explicitFileType = wrapper.cfbundle; includeInIndex = 0; path = "Sports AppTests.xctest"; sourceTree = BUILT_PRODUCTS_DIR; };
		82BFCD31289ADC8C0091295E /* Sports_AppTests.swift */ = {isa = PBXFileReference; lastKnownFileType = sourcecode.swift; path = Sports_AppTests.swift; sourceTree = "<group>"; };
		82BFCD37289ADC8C0091295E /* Sports AppUITests.xctest */ = {isa = PBXFileReference; explicitFileType = wrapper.cfbundle; includeInIndex = 0; path = "Sports AppUITests.xctest"; sourceTree = BUILT_PRODUCTS_DIR; };
		82BFCD3B289ADC8C0091295E /* Sports_AppUITests.swift */ = {isa = PBXFileReference; lastKnownFileType = sourcecode.swift; path = Sports_AppUITests.swift; sourceTree = "<group>"; };
		82BFCD3D289ADC8C0091295E /* Sports_AppUITestsLaunchTests.swift */ = {isa = PBXFileReference; lastKnownFileType = sourcecode.swift; path = Sports_AppUITestsLaunchTests.swift; sourceTree = "<group>"; };
		82BFCD4B289ADD980091295E /* extension.swift */ = {isa = PBXFileReference; lastKnownFileType = sourcecode.swift; path = extension.swift; sourceTree = "<group>"; };
		82BFCD4E289ADF950091295E /* SportCoreData.swift */ = {isa = PBXFileReference; lastKnownFileType = sourcecode.swift; path = SportCoreData.swift; sourceTree = "<group>"; };
		82BFCD51289AE0BF0091295E /* HomeContract.swift */ = {isa = PBXFileReference; lastKnownFileType = sourcecode.swift; path = HomeContract.swift; sourceTree = "<group>"; };
		82BFCD53289AE0F80091295E /* LeagueContract.swift */ = {isa = PBXFileReference; lastKnownFileType = sourcecode.swift; path = LeagueContract.swift; sourceTree = "<group>"; };
		82BFCD55289AE1170091295E /* EventContract.swift */ = {isa = PBXFileReference; lastKnownFileType = sourcecode.swift; path = EventContract.swift; sourceTree = "<group>"; };
		82BFCD58289AE1460091295E /* Sport.swift */ = {isa = PBXFileReference; lastKnownFileType = sourcecode.swift; path = Sport.swift; sourceTree = "<group>"; };
		82BFCD5A289AE14E0091295E /* League.swift */ = {isa = PBXFileReference; lastKnownFileType = sourcecode.swift; path = League.swift; sourceTree = "<group>"; };
		82BFCD5C289AE1570091295E /* Events.swift */ = {isa = PBXFileReference; lastKnownFileType = sourcecode.swift; path = Events.swift; sourceTree = "<group>"; };
		82BFCD5E289AE1BB0091295E /* Teams.swift */ = {isa = PBXFileReference; lastKnownFileType = sourcecode.swift; path = Teams.swift; sourceTree = "<group>"; };
		82BFCD60289AE1CD0091295E /* TeamDetails.swift */ = {isa = PBXFileReference; lastKnownFileType = sourcecode.swift; path = TeamDetails.swift; sourceTree = "<group>"; };
		82BFCD64289AE2FD0091295E /* Home Presenter.swift */ = {isa = PBXFileReference; lastKnownFileType = sourcecode.swift; path = "Home Presenter.swift"; sourceTree = "<group>"; };
		82BFCD66289AE30B0091295E /* League Presenter.swift */ = {isa = PBXFileReference; lastKnownFileType = sourcecode.swift; path = "League Presenter.swift"; sourceTree = "<group>"; };
		82BFCD68289AE31F0091295E /* Event Presenter.swift */ = {isa = PBXFileReference; lastKnownFileType = sourcecode.swift; path = "Event Presenter.swift"; sourceTree = "<group>"; };
		82BFCD6C289AE39E0091295E /* Urls.swift */ = {isa = PBXFileReference; lastKnownFileType = sourcecode.swift; path = Urls.swift; sourceTree = "<group>"; };
		82BFCD6E289AE3AF0091295E /* ApiServices.swift */ = {isa = PBXFileReference; lastKnownFileType = sourcecode.swift; path = ApiServices.swift; sourceTree = "<group>"; };
		82BFCD71289AE4130091295E /* NetworkManager.swift */ = {isa = PBXFileReference; lastKnownFileType = sourcecode.swift; path = NetworkManager.swift; sourceTree = "<group>"; };
		82BFCD75289AE4A30091295E /* jsonDecoder.swift */ = {isa = PBXFileReference; lastKnownFileType = sourcecode.swift; path = jsonDecoder.swift; sourceTree = "<group>"; };
		82BFCD78289AE4F10091295E /* Home Model Controller.swift */ = {isa = PBXFileReference; lastKnownFileType = sourcecode.swift; path = "Home Model Controller.swift"; sourceTree = "<group>"; };
		82BFCD7A289AE4FD0091295E /* league Model Controller.swift */ = {isa = PBXFileReference; lastKnownFileType = sourcecode.swift; path = "league Model Controller.swift"; sourceTree = "<group>"; };
		82BFCD7C289AE5310091295E /* Event Model Controller.swift */ = {isa = PBXFileReference; lastKnownFileType = sourcecode.swift; path = "Event Model Controller.swift"; sourceTree = "<group>"; };
		82BFCD82289AEBE30091295E /* SportsCollectionViewCell.swift */ = {isa = PBXFileReference; lastKnownFileType = sourcecode.swift; path = SportsCollectionViewCell.swift; sourceTree = "<group>"; };
		82E1651D289C128B0047D500 /* LeaguesViewController.swift */ = {isa = PBXFileReference; lastKnownFileType = sourcecode.swift; path = LeaguesViewController.swift; sourceTree = "<group>"; };
		82E16523289C23E00047D500 /* LeaguesCell.swift */ = {isa = PBXFileReference; lastKnownFileType = sourcecode.swift; path = LeaguesCell.swift; sourceTree = "<group>"; };
		8A87B39648AB2BFFB29D12C6 /* Pods-Sports AppTests.debug.xcconfig */ = {isa = PBXFileReference; includeInIndex = 1; lastKnownFileType = text.xcconfig; name = "Pods-Sports AppTests.debug.xcconfig"; path = "Target Support Files/Pods-Sports AppTests/Pods-Sports AppTests.debug.xcconfig"; sourceTree = "<group>"; };
		8ED5875DD59386C23E5D505C /* Pods-Sports App-Sports AppUITests.release.xcconfig */ = {isa = PBXFileReference; includeInIndex = 1; lastKnownFileType = text.xcconfig; name = "Pods-Sports App-Sports AppUITests.release.xcconfig"; path = "Target Support Files/Pods-Sports App-Sports AppUITests/Pods-Sports App-Sports AppUITests.release.xcconfig"; sourceTree = "<group>"; };
		C173B5D9B35D9B21B0104253 /* Pods_Sports_App_Sports_AppUITests.framework */ = {isa = PBXFileReference; explicitFileType = wrapper.framework; includeInIndex = 0; path = Pods_Sports_App_Sports_AppUITests.framework; sourceTree = BUILT_PRODUCTS_DIR; };
		E5BD5F94B850F322AB076104 /* Pods-Sports App-Sports AppUITests.debug.xcconfig */ = {isa = PBXFileReference; includeInIndex = 1; lastKnownFileType = text.xcconfig; name = "Pods-Sports App-Sports AppUITests.debug.xcconfig"; path = "Target Support Files/Pods-Sports App-Sports AppUITests/Pods-Sports App-Sports AppUITests.debug.xcconfig"; sourceTree = "<group>"; };
		EDE56A53BF51D8908A6405E6 /* Pods_Sports_AppTests.framework */ = {isa = PBXFileReference; explicitFileType = wrapper.framework; includeInIndex = 0; path = Pods_Sports_AppTests.framework; sourceTree = BUILT_PRODUCTS_DIR; };
		F3098780D7B32B9C43A2AABB /* Pods-Sports App.release.xcconfig */ = {isa = PBXFileReference; includeInIndex = 1; lastKnownFileType = text.xcconfig; name = "Pods-Sports App.release.xcconfig"; path = "Target Support Files/Pods-Sports App/Pods-Sports App.release.xcconfig"; sourceTree = "<group>"; };
		FCD8EFBC56059F4D19302F31 /* Pods_Sports_App.framework */ = {isa = PBXFileReference; explicitFileType = wrapper.framework; includeInIndex = 0; path = Pods_Sports_App.framework; sourceTree = BUILT_PRODUCTS_DIR; };
/* End PBXFileReference section */

/* Begin PBXFrameworksBuildPhase section */
		82BFCD11289ADC8B0091295E /* Frameworks */ = {
			isa = PBXFrameworksBuildPhase;
			buildActionMask = 2147483647;
			files = (
				08EC81AE8568E38D84E2098F /* Pods_Sports_App.framework in Frameworks */,
			);
			runOnlyForDeploymentPostprocessing = 0;
		};
		82BFCD2A289ADC8C0091295E /* Frameworks */ = {
			isa = PBXFrameworksBuildPhase;
			buildActionMask = 2147483647;
			files = (
				F0606DE52D69D6C0B1337A2E /* Pods_Sports_AppTests.framework in Frameworks */,
			);
			runOnlyForDeploymentPostprocessing = 0;
		};
		82BFCD34289ADC8C0091295E /* Frameworks */ = {
			isa = PBXFrameworksBuildPhase;
			buildActionMask = 2147483647;
			files = (
				5887CAD1FFE0AE9888F4E104 /* Pods_Sports_App_Sports_AppUITests.framework in Frameworks */,
			);
			runOnlyForDeploymentPostprocessing = 0;
		};
/* End PBXFrameworksBuildPhase section */

/* Begin PBXGroup section */
		6C90E3ED2F2FB3CC5FEB8AAA /* Pods */ = {
			isa = PBXGroup;
			children = (
				0779660EDA3AB930F3421765 /* Pods-Sports App.debug.xcconfig */,
				F3098780D7B32B9C43A2AABB /* Pods-Sports App.release.xcconfig */,
				E5BD5F94B850F322AB076104 /* Pods-Sports App-Sports AppUITests.debug.xcconfig */,
				8ED5875DD59386C23E5D505C /* Pods-Sports App-Sports AppUITests.release.xcconfig */,
				8A87B39648AB2BFFB29D12C6 /* Pods-Sports AppTests.debug.xcconfig */,
				68AF74F0BF7ECA855503FD38 /* Pods-Sports AppTests.release.xcconfig */,
			);
			path = Pods;
			sourceTree = "<group>";
		};
		8216DF4628A0004600C8B0E0 /* LeagueDetailsController */ = {
			isa = PBXGroup;
			children = (
				8219EBFC289D637300EF9716 /* upCommingCell.swift */,
				8219EBFD289D637300EF9716 /* upCommingCell.xib */,
				8219EC00289D666200EF9716 /* EventCell.swift */,
				8219EC01289D666200EF9716 /* EventCell.xib */,
				82987983289EC26B00E73B18 /* TeamCell.swift */,
				82987984289EC26B00E73B18 /* TeamCell.xib */,
				8219EBF8289D5D6000EF9716 /* LeagueDetailsController.swift */,
			);
			path = LeagueDetailsController;
			sourceTree = "<group>";
		};
		8216DF4928A0234500C8B0E0 /* TeamDetailsController */ = {
			isa = PBXGroup;
			children = (
				8216DF4728A0009800C8B0E0 /* TeamDeatailsController.swift */,
			);
			path = TeamDetailsController;
			sourceTree = "<group>";
		};
		8219EBF5289D5CE100EF9716 /* LeagueViewController */ = {
			isa = PBXGroup;
			children = (
				82E16523289C23E00047D500 /* LeaguesCell.swift */,
				82E1651D289C128B0047D500 /* LeaguesViewController.swift */,
			);
			path = LeagueViewController;
			sourceTree = "<group>";
		};
		828E762728A2FA30006CB3C0 /* FavoriteController */ = {
			isa = PBXGroup;
			children = (
				8216DF4A28A0238200C8B0E0 /* FavoriteController.swift */,
				8216DF4C28A026C300C8B0E0 /* FavoriteCell.swift */,
			);
			path = FavoriteController;
			sourceTree = "<group>";
		};
		828E762928A2FA5F006CB3C0 /* Delegate */ = {
			isa = PBXGroup;
			children = (
				82BFCD17289ADC8B0091295E /* AppDelegate.swift */,
				82BFCD19289ADC8B0091295E /* SceneDelegate.swift */,
			);
			path = Delegate;
			sourceTree = "<group>";
		};
		828E762A28A2FA85006CB3C0 /* Main */ = {
			isa = PBXGroup;
			children = (
				82BFCD1D289ADC8B0091295E /* Main.storyboard */,
				82BFCD25289ADC8C0091295E /* LaunchScreen.storyboard */,
			);
			path = Main;
			sourceTree = "<group>";
		};
		82BFCD0B289ADC8B0091295E = {
			isa = PBXGroup;
			children = (
				82BFCD16289ADC8B0091295E /* Sports App */,
				82BFCD30289ADC8C0091295E /* Sports AppTests */,
				82BFCD3A289ADC8C0091295E /* Sports AppUITests */,
				82BFCD15289ADC8B0091295E /* Products */,
				6C90E3ED2F2FB3CC5FEB8AAA /* Pods */,
				A61DC435662987CAC62173B6 /* Frameworks */,
			);
			sourceTree = "<group>";
		};
		82BFCD15289ADC8B0091295E /* Products */ = {
			isa = PBXGroup;
			children = (
				82BFCD14289ADC8B0091295E /* Sports App.app */,
				82BFCD2D289ADC8C0091295E /* Sports AppTests.xctest */,
				82BFCD37289ADC8C0091295E /* Sports AppUITests.xctest */,
			);
			name = Products;
			sourceTree = "<group>";
		};
		82BFCD16289ADC8B0091295E /* Sports App */ = {
			isa = PBXGroup;
			children = (
				828E762A28A2FA85006CB3C0 /* Main */,
				828E762928A2FA5F006CB3C0 /* Delegate */,
				82E1651A289C11D40047D500 /* Controller */,
				82BFCD77289AE4D70091295E /* ModelController */,
				82BFCD74289AE4730091295E /* Utilities */,
				82BFCD70289AE3F20091295E /* NetworkManager */,
				82BFCD6A289AE3720091295E /* ApiServices */,
				82BFCD63289AE2DE0091295E /* Presenter */,
				82BFCD57289AE12E0091295E /* Model */,
				82BFCD50289AE0930091295E /* Contracts */,
				82BFCD4D289ADF690091295E /* CoreData */,
				82BFCD4A289ADD690091295E /* Extension */,
				82BFCD28289ADC8C0091295E /* Info.plist */,
				82B21FBA28A317BC0071B9C7 /* Reachability.swift */,
			);
			path = "Sports App";
			sourceTree = "<group>";
		};
		82BFCD30289ADC8C0091295E /* Sports AppTests */ = {
			isa = PBXGroup;
			children = (
				82BFCD31289ADC8C0091295E /* Sports_AppTests.swift */,
			);
			path = "Sports AppTests";
			sourceTree = "<group>";
		};
		82BFCD3A289ADC8C0091295E /* Sports AppUITests */ = {
			isa = PBXGroup;
			children = (
				82BFCD3B289ADC8C0091295E /* Sports_AppUITests.swift */,
				82BFCD3D289ADC8C0091295E /* Sports_AppUITestsLaunchTests.swift */,
			);
			path = "Sports AppUITests";
			sourceTree = "<group>";
		};
		82BFCD4A289ADD690091295E /* Extension */ = {
			isa = PBXGroup;
			children = (
				82BFCD4B289ADD980091295E /* extension.swift */,
			);
			path = Extension;
			sourceTree = "<group>";
		};
		82BFCD4D289ADF690091295E /* CoreData */ = {
			isa = PBXGroup;
			children = (
				82BFCD20289ADC8B0091295E /* Sports_App.xcdatamodeld */,
				82BFCD4E289ADF950091295E /* SportCoreData.swift */,
			);
			path = CoreData;
			sourceTree = "<group>";
		};
		82BFCD50289AE0930091295E /* Contracts */ = {
			isa = PBXGroup;
			children = (
				82BFCD51289AE0BF0091295E /* HomeContract.swift */,
				82BFCD53289AE0F80091295E /* LeagueContract.swift */,
				82BFCD55289AE1170091295E /* EventContract.swift */,
			);
			path = Contracts;
			sourceTree = "<group>";
		};
		82BFCD57289AE12E0091295E /* Model */ = {
			isa = PBXGroup;
			children = (
				82BFCD58289AE1460091295E /* Sport.swift */,
				82BFCD5A289AE14E0091295E /* League.swift */,
				82BFCD5C289AE1570091295E /* Events.swift */,
				82BFCD5E289AE1BB0091295E /* Teams.swift */,
				82BFCD60289AE1CD0091295E /* TeamDetails.swift */,
			);
			path = Model;
			sourceTree = "<group>";
		};
		82BFCD63289AE2DE0091295E /* Presenter */ = {
			isa = PBXGroup;
			children = (
				82BFCD64289AE2FD0091295E /* Home Presenter.swift */,
				82BFCD66289AE30B0091295E /* League Presenter.swift */,
				82BFCD68289AE31F0091295E /* Event Presenter.swift */,
			);
			path = Presenter;
			sourceTree = "<group>";
		};
		82BFCD6A289AE3720091295E /* ApiServices */ = {
			isa = PBXGroup;
			children = (
				82BFCD6C289AE39E0091295E /* Urls.swift */,
				82BFCD6E289AE3AF0091295E /* ApiServices.swift */,
			);
			path = ApiServices;
			sourceTree = "<group>";
		};
		82BFCD70289AE3F20091295E /* NetworkManager */ = {
			isa = PBXGroup;
			children = (
				82BFCD71289AE4130091295E /* NetworkManager.swift */,
			);
			path = NetworkManager;
			sourceTree = "<group>";
		};
		82BFCD74289AE4730091295E /* Utilities */ = {
			isa = PBXGroup;
			children = (
				82BFCD75289AE4A30091295E /* jsonDecoder.swift */,
				82BFCD23289ADC8C0091295E /* Assets.xcassets */,
			);
			path = Utilities;
			sourceTree = "<group>";
		};
		82BFCD77289AE4D70091295E /* ModelController */ = {
			isa = PBXGroup;
			children = (
				82BFCD78289AE4F10091295E /* Home Model Controller.swift */,
				82BFCD7A289AE4FD0091295E /* league Model Controller.swift */,
				82BFCD7C289AE5310091295E /* Event Model Controller.swift */,
			);
			path = ModelController;
			sourceTree = "<group>";
		};
		82E16519289C11AB0047D500 /* SportsViewController */ = {
			isa = PBXGroup;
			children = (
				82BFCD1B289ADC8B0091295E /* ViewController.swift */,
				82BFCD82289AEBE30091295E /* SportsCollectionViewCell.swift */,
			);
			path = SportsViewController;
			sourceTree = "<group>";
		};
		82E1651A289C11D40047D500 /* Controller */ = {
			isa = PBXGroup;
			children = (
				828E762728A2FA30006CB3C0 /* FavoriteController */,
				8216DF4928A0234500C8B0E0 /* TeamDetailsController */,
				8216DF4628A0004600C8B0E0 /* LeagueDetailsController */,
				8219EBF5289D5CE100EF9716 /* LeagueViewController */,
				82E16519289C11AB0047D500 /* SportsViewController */,
			);
			path = Controller;
			sourceTree = "<group>";
		};
		A61DC435662987CAC62173B6 /* Frameworks */ = {
			isa = PBXGroup;
			children = (
				FCD8EFBC56059F4D19302F31 /* Pods_Sports_App.framework */,
				C173B5D9B35D9B21B0104253 /* Pods_Sports_App_Sports_AppUITests.framework */,
				EDE56A53BF51D8908A6405E6 /* Pods_Sports_AppTests.framework */,
			);
			name = Frameworks;
			sourceTree = "<group>";
		};
/* End PBXGroup section */

/* Begin PBXNativeTarget section */
		82BFCD13289ADC8B0091295E /* Sports App */ = {
			isa = PBXNativeTarget;
			buildConfigurationList = 82BFCD41289ADC8C0091295E /* Build configuration list for PBXNativeTarget "Sports App" */;
			buildPhases = (
				5CB66835658C8707E1FD1D0D /* [CP] Check Pods Manifest.lock */,
				82BFCD10289ADC8B0091295E /* Sources */,
				82BFCD11289ADC8B0091295E /* Frameworks */,
				82BFCD12289ADC8B0091295E /* Resources */,
				76194963020FFDC6D1E1B96D /* [CP] Embed Pods Frameworks */,
			);
			buildRules = (
			);
			dependencies = (
			);
			name = "Sports App";
			productName = "Sports App";
			productReference = 82BFCD14289ADC8B0091295E /* Sports App.app */;
			productType = "com.apple.product-type.application";
		};
		82BFCD2C289ADC8C0091295E /* Sports AppTests */ = {
			isa = PBXNativeTarget;
			buildConfigurationList = 82BFCD44289ADC8C0091295E /* Build configuration list for PBXNativeTarget "Sports AppTests" */;
			buildPhases = (
				7D79F754982CC18E01FF32DF /* [CP] Check Pods Manifest.lock */,
				82BFCD29289ADC8C0091295E /* Sources */,
				82BFCD2A289ADC8C0091295E /* Frameworks */,
				82BFCD2B289ADC8C0091295E /* Resources */,
			);
			buildRules = (
			);
			dependencies = (
				82BFCD2F289ADC8C0091295E /* PBXTargetDependency */,
			);
			name = "Sports AppTests";
			productName = "Sports AppTests";
			productReference = 82BFCD2D289ADC8C0091295E /* Sports AppTests.xctest */;
			productType = "com.apple.product-type.bundle.unit-test";
		};
		82BFCD36289ADC8C0091295E /* Sports AppUITests */ = {
			isa = PBXNativeTarget;
			buildConfigurationList = 82BFCD47289ADC8C0091295E /* Build configuration list for PBXNativeTarget "Sports AppUITests" */;
			buildPhases = (
				9AEA022A1486D716F880E815 /* [CP] Check Pods Manifest.lock */,
				82BFCD33289ADC8C0091295E /* Sources */,
				82BFCD34289ADC8C0091295E /* Frameworks */,
				82BFCD35289ADC8C0091295E /* Resources */,
				1BC9D9B76A0493683AB5EFA6 /* [CP] Embed Pods Frameworks */,
			);
			buildRules = (
			);
			dependencies = (
				82BFCD39289ADC8C0091295E /* PBXTargetDependency */,
			);
			name = "Sports AppUITests";
			productName = "Sports AppUITests";
			productReference = 82BFCD37289ADC8C0091295E /* Sports AppUITests.xctest */;
			productType = "com.apple.product-type.bundle.ui-testing";
		};
/* End PBXNativeTarget section */

/* Begin PBXProject section */
		82BFCD0C289ADC8B0091295E /* Project object */ = {
			isa = PBXProject;
			attributes = {
				BuildIndependentTargetsInParallel = 1;
				LastSwiftUpdateCheck = 1340;
				LastUpgradeCheck = 1340;
				TargetAttributes = {
					82BFCD13289ADC8B0091295E = {
						CreatedOnToolsVersion = 13.4.1;
					};
					82BFCD2C289ADC8C0091295E = {
						CreatedOnToolsVersion = 13.4.1;
						TestTargetID = 82BFCD13289ADC8B0091295E;
					};
					82BFCD36289ADC8C0091295E = {
						CreatedOnToolsVersion = 13.4.1;
						TestTargetID = 82BFCD13289ADC8B0091295E;
					};
				};
			};
			buildConfigurationList = 82BFCD0F289ADC8B0091295E /* Build configuration list for PBXProject "Sports App" */;
			compatibilityVersion = "Xcode 13.0";
			developmentRegion = en;
			hasScannedForEncodings = 0;
			knownRegions = (
				en,
				Base,
			);
			mainGroup = 82BFCD0B289ADC8B0091295E;
			productRefGroup = 82BFCD15289ADC8B0091295E /* Products */;
			projectDirPath = "";
			projectRoot = "";
			targets = (
				82BFCD13289ADC8B0091295E /* Sports App */,
				82BFCD2C289ADC8C0091295E /* Sports AppTests */,
				82BFCD36289ADC8C0091295E /* Sports AppUITests */,
			);
		};
/* End PBXProject section */

/* Begin PBXResourcesBuildPhase section */
		82BFCD12289ADC8B0091295E /* Resources */ = {
			isa = PBXResourcesBuildPhase;
			buildActionMask = 2147483647;
			files = (
				82BFCD27289ADC8C0091295E /* LaunchScreen.storyboard in Resources */,
				8219EBFF289D637300EF9716 /* upCommingCell.xib in Resources */,
				82BFCD24289ADC8C0091295E /* Assets.xcassets in Resources */,
				8219EC03289D666200EF9716 /* EventCell.xib in Resources */,
				82987986289EC26B00E73B18 /* TeamCell.xib in Resources */,
				82BFCD1F289ADC8B0091295E /* Main.storyboard in Resources */,
			);
			runOnlyForDeploymentPostprocessing = 0;
		};
		82BFCD2B289ADC8C0091295E /* Resources */ = {
			isa = PBXResourcesBuildPhase;
			buildActionMask = 2147483647;
			files = (
			);
			runOnlyForDeploymentPostprocessing = 0;
		};
		82BFCD35289ADC8C0091295E /* Resources */ = {
			isa = PBXResourcesBuildPhase;
			buildActionMask = 2147483647;
			files = (
			);
			runOnlyForDeploymentPostprocessing = 0;
		};
/* End PBXResourcesBuildPhase section */

/* Begin PBXShellScriptBuildPhase section */
		1BC9D9B76A0493683AB5EFA6 /* [CP] Embed Pods Frameworks */ = {
			isa = PBXShellScriptBuildPhase;
			buildActionMask = 2147483647;
			files = (
			);
			inputFileListPaths = (
				"${PODS_ROOT}/Target Support Files/Pods-Sports App-Sports AppUITests/Pods-Sports App-Sports AppUITests-frameworks-${CONFIGURATION}-input-files.xcfilelist",
			);
			name = "[CP] Embed Pods Frameworks";
			outputFileListPaths = (
				"${PODS_ROOT}/Target Support Files/Pods-Sports App-Sports AppUITests/Pods-Sports App-Sports AppUITests-frameworks-${CONFIGURATION}-output-files.xcfilelist",
			);
			runOnlyForDeploymentPostprocessing = 0;
			shellPath = /bin/sh;
			shellScript = "\"${PODS_ROOT}/Target Support Files/Pods-Sports App-Sports AppUITests/Pods-Sports App-Sports AppUITests-frameworks.sh\"\n";
			showEnvVarsInLog = 0;
		};
		5CB66835658C8707E1FD1D0D /* [CP] Check Pods Manifest.lock */ = {
			isa = PBXShellScriptBuildPhase;
			buildActionMask = 2147483647;
			files = (
			);
			inputFileListPaths = (
			);
			inputPaths = (
				"${PODS_PODFILE_DIR_PATH}/Podfile.lock",
				"${PODS_ROOT}/Manifest.lock",
			);
			name = "[CP] Check Pods Manifest.lock";
			outputFileListPaths = (
			);
			outputPaths = (
				"$(DERIVED_FILE_DIR)/Pods-Sports App-checkManifestLockResult.txt",
			);
			runOnlyForDeploymentPostprocessing = 0;
			shellPath = /bin/sh;
			shellScript = "diff \"${PODS_PODFILE_DIR_PATH}/Podfile.lock\" \"${PODS_ROOT}/Manifest.lock\" > /dev/null\nif [ $? != 0 ] ; then\n    # print error to STDERR\n    echo \"error: The sandbox is not in sync with the Podfile.lock. Run 'pod install' or update your CocoaPods installation.\" >&2\n    exit 1\nfi\n# This output is used by Xcode 'outputs' to avoid re-running this script phase.\necho \"SUCCESS\" > \"${SCRIPT_OUTPUT_FILE_0}\"\n";
			showEnvVarsInLog = 0;
		};
		76194963020FFDC6D1E1B96D /* [CP] Embed Pods Frameworks */ = {
			isa = PBXShellScriptBuildPhase;
			buildActionMask = 2147483647;
			files = (
			);
			inputFileListPaths = (
				"${PODS_ROOT}/Target Support Files/Pods-Sports App/Pods-Sports App-frameworks-${CONFIGURATION}-input-files.xcfilelist",
			);
			name = "[CP] Embed Pods Frameworks";
			outputFileListPaths = (
				"${PODS_ROOT}/Target Support Files/Pods-Sports App/Pods-Sports App-frameworks-${CONFIGURATION}-output-files.xcfilelist",
			);
			runOnlyForDeploymentPostprocessing = 0;
			shellPath = /bin/sh;
			shellScript = "\"${PODS_ROOT}/Target Support Files/Pods-Sports App/Pods-Sports App-frameworks.sh\"\n";
			showEnvVarsInLog = 0;
		};
		7D79F754982CC18E01FF32DF /* [CP] Check Pods Manifest.lock */ = {
			isa = PBXShellScriptBuildPhase;
			buildActionMask = 2147483647;
			files = (
			);
			inputFileListPaths = (
			);
			inputPaths = (
				"${PODS_PODFILE_DIR_PATH}/Podfile.lock",
				"${PODS_ROOT}/Manifest.lock",
			);
			name = "[CP] Check Pods Manifest.lock";
			outputFileListPaths = (
			);
			outputPaths = (
				"$(DERIVED_FILE_DIR)/Pods-Sports AppTests-checkManifestLockResult.txt",
			);
			runOnlyForDeploymentPostprocessing = 0;
			shellPath = /bin/sh;
			shellScript = "diff \"${PODS_PODFILE_DIR_PATH}/Podfile.lock\" \"${PODS_ROOT}/Manifest.lock\" > /dev/null\nif [ $? != 0 ] ; then\n    # print error to STDERR\n    echo \"error: The sandbox is not in sync with the Podfile.lock. Run 'pod install' or update your CocoaPods installation.\" >&2\n    exit 1\nfi\n# This output is used by Xcode 'outputs' to avoid re-running this script phase.\necho \"SUCCESS\" > \"${SCRIPT_OUTPUT_FILE_0}\"\n";
			showEnvVarsInLog = 0;
		};
		9AEA022A1486D716F880E815 /* [CP] Check Pods Manifest.lock */ = {
			isa = PBXShellScriptBuildPhase;
			buildActionMask = 2147483647;
			files = (
			);
			inputFileListPaths = (
			);
			inputPaths = (
				"${PODS_PODFILE_DIR_PATH}/Podfile.lock",
				"${PODS_ROOT}/Manifest.lock",
			);
			name = "[CP] Check Pods Manifest.lock";
			outputFileListPaths = (
			);
			outputPaths = (
				"$(DERIVED_FILE_DIR)/Pods-Sports App-Sports AppUITests-checkManifestLockResult.txt",
			);
			runOnlyForDeploymentPostprocessing = 0;
			shellPath = /bin/sh;
			shellScript = "diff \"${PODS_PODFILE_DIR_PATH}/Podfile.lock\" \"${PODS_ROOT}/Manifest.lock\" > /dev/null\nif [ $? != 0 ] ; then\n    # print error to STDERR\n    echo \"error: The sandbox is not in sync with the Podfile.lock. Run 'pod install' or update your CocoaPods installation.\" >&2\n    exit 1\nfi\n# This output is used by Xcode 'outputs' to avoid re-running this script phase.\necho \"SUCCESS\" > \"${SCRIPT_OUTPUT_FILE_0}\"\n";
			showEnvVarsInLog = 0;
		};
/* End PBXShellScriptBuildPhase section */

/* Begin PBXSourcesBuildPhase section */
		82BFCD10289ADC8B0091295E /* Sources */ = {
			isa = PBXSourcesBuildPhase;
			buildActionMask = 2147483647;
			files = (
				82BFCD5D289AE1570091295E /* Events.swift in Sources */,
				8219EBF9289D5D6000EF9716 /* LeagueDetailsController.swift in Sources */,
				82BFCD59289AE1460091295E /* Sport.swift in Sources */,
				82BFCD54289AE0F80091295E /* LeagueContract.swift in Sources */,
				82BFCD1C289ADC8B0091295E /* ViewController.swift in Sources */,
				82BFCD18289ADC8B0091295E /* AppDelegate.swift in Sources */,
				82E1651E289C128B0047D500 /* LeaguesViewController.swift in Sources */,
				82BFCD83289AEBE30091295E /* SportsCollectionViewCell.swift in Sources */,
				82BFCD6F289AE3AF0091295E /* ApiServices.swift in Sources */,
				8216DF4828A0009800C8B0E0 /* TeamDeatailsController.swift in Sources */,
				8216DF4B28A0238200C8B0E0 /* FavoriteController.swift in Sources */,
				82BFCD22289ADC8B0091295E /* Sports_App.xcdatamodeld in Sources */,
				82BFCD52289AE0BF0091295E /* HomeContract.swift in Sources */,
				8219EBFE289D637300EF9716 /* upCommingCell.swift in Sources */,
				82BFCD61289AE1CD0091295E /* TeamDetails.swift in Sources */,
				82BFCD76289AE4A30091295E /* jsonDecoder.swift in Sources */,
				82BFCD79289AE4F10091295E /* Home Model Controller.swift in Sources */,
				82BFCD5F289AE1BB0091295E /* Teams.swift in Sources */,
				82BFCD6D289AE39E0091295E /* Urls.swift in Sources */,
				82BFCD56289AE1170091295E /* EventContract.swift in Sources */,
				82BFCD72289AE4130091295E /* NetworkManager.swift in Sources */,
				82BFCD7B289AE4FD0091295E /* league Model Controller.swift in Sources */,
				82BFCD4C289ADD980091295E /* extension.swift in Sources */,
				82BFCD65289AE2FD0091295E /* Home Presenter.swift in Sources */,
				8219EC02289D666200EF9716 /* EventCell.swift in Sources */,
				82BFCD67289AE30B0091295E /* League Presenter.swift in Sources */,
				82BFCD1A289ADC8B0091295E /* SceneDelegate.swift in Sources */,
				82BFCD5B289AE14E0091295E /* League.swift in Sources */,
				82B21FBB28A317BC0071B9C7 /* Reachability.swift in Sources */,
				82BFCD69289AE31F0091295E /* Event Presenter.swift in Sources */,
				82987985289EC26B00E73B18 /* TeamCell.swift in Sources */,
				82E16524289C23E00047D500 /* LeaguesCell.swift in Sources */,
				82BFCD7D289AE5310091295E /* Event Model Controller.swift in Sources */,
				82BFCD4F289ADF950091295E /* SportCoreData.swift in Sources */,
				8216DF4D28A026C300C8B0E0 /* FavoriteCell.swift in Sources */,
			);
			runOnlyForDeploymentPostprocessing = 0;
		};
		82BFCD29289ADC8C0091295E /* Sources */ = {
			isa = PBXSourcesBuildPhase;
			buildActionMask = 2147483647;
			files = (
				82BFCD32289ADC8C0091295E /* Sports_AppTests.swift in Sources */,
			);
			runOnlyForDeploymentPostprocessing = 0;
		};
		82BFCD33289ADC8C0091295E /* Sources */ = {
			isa = PBXSourcesBuildPhase;
			buildActionMask = 2147483647;
			files = (
				82BFCD3C289ADC8C0091295E /* Sports_AppUITests.swift in Sources */,
				82BFCD3E289ADC8C0091295E /* Sports_AppUITestsLaunchTests.swift in Sources */,
			);
			runOnlyForDeploymentPostprocessing = 0;
		};
/* End PBXSourcesBuildPhase section */

/* Begin PBXTargetDependency section */
		82BFCD2F289ADC8C0091295E /* PBXTargetDependency */ = {
			isa = PBXTargetDependency;
			target = 82BFCD13289ADC8B0091295E /* Sports App */;
			targetProxy = 82BFCD2E289ADC8C0091295E /* PBXContainerItemProxy */;
		};
		82BFCD39289ADC8C0091295E /* PBXTargetDependency */ = {
			isa = PBXTargetDependency;
			target = 82BFCD13289ADC8B0091295E /* Sports App */;
			targetProxy = 82BFCD38289ADC8C0091295E /* PBXContainerItemProxy */;
		};
/* End PBXTargetDependency section */

/* Begin PBXVariantGroup section */
		82BFCD1D289ADC8B0091295E /* Main.storyboard */ = {
			isa = PBXVariantGroup;
			children = (
				82BFCD1E289ADC8B0091295E /* Base */,
			);
			name = Main.storyboard;
			sourceTree = "<group>";
		};
		82BFCD25289ADC8C0091295E /* LaunchScreen.storyboard */ = {
			isa = PBXVariantGroup;
			children = (
				82BFCD26289ADC8C0091295E /* Base */,
			);
			name = LaunchScreen.storyboard;
			sourceTree = "<group>";
		};
/* End PBXVariantGroup section */

/* Begin XCBuildConfiguration section */
		82BFCD3F289ADC8C0091295E /* Debug */ = {
			isa = XCBuildConfiguration;
			buildSettings = {
				ALWAYS_SEARCH_USER_PATHS = NO;
				CLANG_ANALYZER_NONNULL = YES;
				CLANG_ANALYZER_NUMBER_OBJECT_CONVERSION = YES_AGGRESSIVE;
				CLANG_CXX_LANGUAGE_STANDARD = "gnu++17";
				CLANG_ENABLE_MODULES = YES;
				CLANG_ENABLE_OBJC_ARC = YES;
				CLANG_ENABLE_OBJC_WEAK = YES;
				CLANG_WARN_BLOCK_CAPTURE_AUTORELEASING = YES;
				CLANG_WARN_BOOL_CONVERSION = YES;
				CLANG_WARN_COMMA = YES;
				CLANG_WARN_CONSTANT_CONVERSION = YES;
				CLANG_WARN_DEPRECATED_OBJC_IMPLEMENTATIONS = YES;
				CLANG_WARN_DIRECT_OBJC_ISA_USAGE = YES_ERROR;
				CLANG_WARN_DOCUMENTATION_COMMENTS = YES;
				CLANG_WARN_EMPTY_BODY = YES;
				CLANG_WARN_ENUM_CONVERSION = YES;
				CLANG_WARN_INFINITE_RECURSION = YES;
				CLANG_WARN_INT_CONVERSION = YES;
				CLANG_WARN_NON_LITERAL_NULL_CONVERSION = YES;
				CLANG_WARN_OBJC_IMPLICIT_RETAIN_SELF = YES;
				CLANG_WARN_OBJC_LITERAL_CONVERSION = YES;
				CLANG_WARN_OBJC_ROOT_CLASS = YES_ERROR;
				CLANG_WARN_QUOTED_INCLUDE_IN_FRAMEWORK_HEADER = YES;
				CLANG_WARN_RANGE_LOOP_ANALYSIS = YES;
				CLANG_WARN_STRICT_PROTOTYPES = YES;
				CLANG_WARN_SUSPICIOUS_MOVE = YES;
				CLANG_WARN_UNGUARDED_AVAILABILITY = YES_AGGRESSIVE;
				CLANG_WARN_UNREACHABLE_CODE = YES;
				CLANG_WARN__DUPLICATE_METHOD_MATCH = YES;
				COPY_PHASE_STRIP = NO;
				DEBUG_INFORMATION_FORMAT = dwarf;
				ENABLE_STRICT_OBJC_MSGSEND = YES;
				ENABLE_TESTABILITY = YES;
				GCC_C_LANGUAGE_STANDARD = gnu11;
				GCC_DYNAMIC_NO_PIC = NO;
				GCC_NO_COMMON_BLOCKS = YES;
				GCC_OPTIMIZATION_LEVEL = 0;
				GCC_PREPROCESSOR_DEFINITIONS = (
					"DEBUG=1",
					"$(inherited)",
				);
				GCC_WARN_64_TO_32_BIT_CONVERSION = YES;
				GCC_WARN_ABOUT_RETURN_TYPE = YES_ERROR;
				GCC_WARN_UNDECLARED_SELECTOR = YES;
				GCC_WARN_UNINITIALIZED_AUTOS = YES_AGGRESSIVE;
				GCC_WARN_UNUSED_FUNCTION = YES;
				GCC_WARN_UNUSED_VARIABLE = YES;
				IPHONEOS_DEPLOYMENT_TARGET = 15.5;
				MTL_ENABLE_DEBUG_INFO = INCLUDE_SOURCE;
				MTL_FAST_MATH = YES;
				ONLY_ACTIVE_ARCH = YES;
				SDKROOT = iphoneos;
				SWIFT_ACTIVE_COMPILATION_CONDITIONS = DEBUG;
				SWIFT_OPTIMIZATION_LEVEL = "-Onone";
			};
			name = Debug;
		};
		82BFCD40289ADC8C0091295E /* Release */ = {
			isa = XCBuildConfiguration;
			buildSettings = {
				ALWAYS_SEARCH_USER_PATHS = NO;
				CLANG_ANALYZER_NONNULL = YES;
				CLANG_ANALYZER_NUMBER_OBJECT_CONVERSION = YES_AGGRESSIVE;
				CLANG_CXX_LANGUAGE_STANDARD = "gnu++17";
				CLANG_ENABLE_MODULES = YES;
				CLANG_ENABLE_OBJC_ARC = YES;
				CLANG_ENABLE_OBJC_WEAK = YES;
				CLANG_WARN_BLOCK_CAPTURE_AUTORELEASING = YES;
				CLANG_WARN_BOOL_CONVERSION = YES;
				CLANG_WARN_COMMA = YES;
				CLANG_WARN_CONSTANT_CONVERSION = YES;
				CLANG_WARN_DEPRECATED_OBJC_IMPLEMENTATIONS = YES;
				CLANG_WARN_DIRECT_OBJC_ISA_USAGE = YES_ERROR;
				CLANG_WARN_DOCUMENTATION_COMMENTS = YES;
				CLANG_WARN_EMPTY_BODY = YES;
				CLANG_WARN_ENUM_CONVERSION = YES;
				CLANG_WARN_INFINITE_RECURSION = YES;
				CLANG_WARN_INT_CONVERSION = YES;
				CLANG_WARN_NON_LITERAL_NULL_CONVERSION = YES;
				CLANG_WARN_OBJC_IMPLICIT_RETAIN_SELF = YES;
				CLANG_WARN_OBJC_LITERAL_CONVERSION = YES;
				CLANG_WARN_OBJC_ROOT_CLASS = YES_ERROR;
				CLANG_WARN_QUOTED_INCLUDE_IN_FRAMEWORK_HEADER = YES;
				CLANG_WARN_RANGE_LOOP_ANALYSIS = YES;
				CLANG_WARN_STRICT_PROTOTYPES = YES;
				CLANG_WARN_SUSPICIOUS_MOVE = YES;
				CLANG_WARN_UNGUARDED_AVAILABILITY = YES_AGGRESSIVE;
				CLANG_WARN_UNREACHABLE_CODE = YES;
				CLANG_WARN__DUPLICATE_METHOD_MATCH = YES;
				COPY_PHASE_STRIP = NO;
				DEBUG_INFORMATION_FORMAT = "dwarf-with-dsym";
				ENABLE_NS_ASSERTIONS = NO;
				ENABLE_STRICT_OBJC_MSGSEND = YES;
				GCC_C_LANGUAGE_STANDARD = gnu11;
				GCC_NO_COMMON_BLOCKS = YES;
				GCC_WARN_64_TO_32_BIT_CONVERSION = YES;
				GCC_WARN_ABOUT_RETURN_TYPE = YES_ERROR;
				GCC_WARN_UNDECLARED_SELECTOR = YES;
				GCC_WARN_UNINITIALIZED_AUTOS = YES_AGGRESSIVE;
				GCC_WARN_UNUSED_FUNCTION = YES;
				GCC_WARN_UNUSED_VARIABLE = YES;
				IPHONEOS_DEPLOYMENT_TARGET = 15.5;
				MTL_ENABLE_DEBUG_INFO = NO;
				MTL_FAST_MATH = YES;
				SDKROOT = iphoneos;
				SWIFT_COMPILATION_MODE = wholemodule;
				SWIFT_OPTIMIZATION_LEVEL = "-O";
				VALIDATE_PRODUCT = YES;
			};
			name = Release;
		};
		82BFCD42289ADC8C0091295E /* Debug */ = {
			isa = XCBuildConfiguration;
			baseConfigurationReference = 0779660EDA3AB930F3421765 /* Pods-Sports App.debug.xcconfig */;
			buildSettings = {
				ASSETCATALOG_COMPILER_APPICON_NAME = AppIcon;
				ASSETCATALOG_COMPILER_GLOBAL_ACCENT_COLOR_NAME = AccentColor;
				CODE_SIGN_STYLE = Automatic;
				CURRENT_PROJECT_VERSION = 1;
				GENERATE_INFOPLIST_FILE = YES;
				INFOPLIST_FILE = "Sports App/Info.plist";
				INFOPLIST_KEY_CFBundleDisplayName = "Mobi Sport";
				INFOPLIST_KEY_UIApplicationSupportsIndirectInputEvents = YES;
				INFOPLIST_KEY_UILaunchStoryboardName = LaunchScreen;
				INFOPLIST_KEY_UIMainStoryboardFile = Main;
				INFOPLIST_KEY_UISupportedInterfaceOrientations_iPad = "UIInterfaceOrientationPortrait UIInterfaceOrientationPortraitUpsideDown UIInterfaceOrientationLandscapeLeft UIInterfaceOrientationLandscapeRight";
				INFOPLIST_KEY_UISupportedInterfaceOrientations_iPhone = "UIInterfaceOrientationPortrait UIInterfaceOrientationLandscapeLeft UIInterfaceOrientationLandscapeRight";
				LD_RUNPATH_SEARCH_PATHS = (
					"$(inherited)",
					"@executable_path/Frameworks",
				);
				MARKETING_VERSION = 1.0;
				PRODUCT_BUNDLE_IDENTIFIER = "MahmoudSaad.Sports-App";
				PRODUCT_NAME = "$(TARGET_NAME)";
				SWIFT_EMIT_LOC_STRINGS = YES;
				SWIFT_VERSION = 5.0;
				TARGETED_DEVICE_FAMILY = "1,2";
			};
			name = Debug;
		};
		82BFCD43289ADC8C0091295E /* Release */ = {
			isa = XCBuildConfiguration;
			baseConfigurationReference = F3098780D7B32B9C43A2AABB /* Pods-Sports App.release.xcconfig */;
			buildSettings = {
				ASSETCATALOG_COMPILER_APPICON_NAME = AppIcon;
				ASSETCATALOG_COMPILER_GLOBAL_ACCENT_COLOR_NAME = AccentColor;
				CODE_SIGN_STYLE = Automatic;
				CURRENT_PROJECT_VERSION = 1;
				GENERATE_INFOPLIST_FILE = YES;
				INFOPLIST_FILE = "Sports App/Info.plist";
				INFOPLIST_KEY_CFBundleDisplayName = "Mobi Sport";
				INFOPLIST_KEY_UIApplicationSupportsIndirectInputEvents = YES;
				INFOPLIST_KEY_UILaunchStoryboardName = LaunchScreen;
				INFOPLIST_KEY_UIMainStoryboardFile = Main;
				INFOPLIST_KEY_UISupportedInterfaceOrientations_iPad = "UIInterfaceOrientationPortrait UIInterfaceOrientationPortraitUpsideDown UIInterfaceOrientationLandscapeLeft UIInterfaceOrientationLandscapeRight";
				INFOPLIST_KEY_UISupportedInterfaceOrientations_iPhone = "UIInterfaceOrientationPortrait UIInterfaceOrientationLandscapeLeft UIInterfaceOrientationLandscapeRight";
				LD_RUNPATH_SEARCH_PATHS = (
					"$(inherited)",
					"@executable_path/Frameworks",
				);
				MARKETING_VERSION = 1.0;
				PRODUCT_BUNDLE_IDENTIFIER = "MahmoudSaad.Sports-App";
				PRODUCT_NAME = "$(TARGET_NAME)";
				SWIFT_EMIT_LOC_STRINGS = YES;
				SWIFT_VERSION = 5.0;
				TARGETED_DEVICE_FAMILY = "1,2";
			};
			name = Release;
		};
		82BFCD45289ADC8C0091295E /* Debug */ = {
			isa = XCBuildConfiguration;
			baseConfigurationReference = 8A87B39648AB2BFFB29D12C6 /* Pods-Sports AppTests.debug.xcconfig */;
			buildSettings = {
				ALWAYS_EMBED_SWIFT_STANDARD_LIBRARIES = YES;
				BUNDLE_LOADER = "$(TEST_HOST)";
				CODE_SIGN_STYLE = Automatic;
				CURRENT_PROJECT_VERSION = 1;
				GENERATE_INFOPLIST_FILE = YES;
				IPHONEOS_DEPLOYMENT_TARGET = 15.5;
				MARKETING_VERSION = 1.0;
				PRODUCT_BUNDLE_IDENTIFIER = "MahmoudSaad.Sports-AppTests";
				PRODUCT_NAME = "$(TARGET_NAME)";
				SWIFT_EMIT_LOC_STRINGS = NO;
				SWIFT_VERSION = 5.0;
				TARGETED_DEVICE_FAMILY = "1,2";
				TEST_HOST = "$(BUILT_PRODUCTS_DIR)/Sports App.app/Sports App";
			};
			name = Debug;
		};
		82BFCD46289ADC8C0091295E /* Release */ = {
			isa = XCBuildConfiguration;
			baseConfigurationReference = 68AF74F0BF7ECA855503FD38 /* Pods-Sports AppTests.release.xcconfig */;
			buildSettings = {
				ALWAYS_EMBED_SWIFT_STANDARD_LIBRARIES = YES;
				BUNDLE_LOADER = "$(TEST_HOST)";
				CODE_SIGN_STYLE = Automatic;
				CURRENT_PROJECT_VERSION = 1;
				GENERATE_INFOPLIST_FILE = YES;
				IPHONEOS_DEPLOYMENT_TARGET = 15.5;
				MARKETING_VERSION = 1.0;
				PRODUCT_BUNDLE_IDENTIFIER = "MahmoudSaad.Sports-AppTests";
				PRODUCT_NAME = "$(TARGET_NAME)";
				SWIFT_EMIT_LOC_STRINGS = NO;
				SWIFT_VERSION = 5.0;
				TARGETED_DEVICE_FAMILY = "1,2";
				TEST_HOST = "$(BUILT_PRODUCTS_DIR)/Sports App.app/Sports App";
			};
			name = Release;
		};
		82BFCD48289ADC8C0091295E /* Debug */ = {
			isa = XCBuildConfiguration;
			baseConfigurationReference = E5BD5F94B850F322AB076104 /* Pods-Sports App-Sports AppUITests.debug.xcconfig */;
			buildSettings = {
				ALWAYS_EMBED_SWIFT_STANDARD_LIBRARIES = YES;
				CODE_SIGN_STYLE = Automatic;
				CURRENT_PROJECT_VERSION = 1;
				GENERATE_INFOPLIST_FILE = YES;
				MARKETING_VERSION = 1.0;
				PRODUCT_BUNDLE_IDENTIFIER = "MahmoudSaad.Sports-AppUITests";
				PRODUCT_NAME = "$(TARGET_NAME)";
				SWIFT_EMIT_LOC_STRINGS = NO;
				SWIFT_VERSION = 5.0;
				TARGETED_DEVICE_FAMILY = "1,2";
				TEST_TARGET_NAME = "Sports App";
			};
			name = Debug;
		};
		82BFCD49289ADC8C0091295E /* Release */ = {
			isa = XCBuildConfiguration;
			baseConfigurationReference = 8ED5875DD59386C23E5D505C /* Pods-Sports App-Sports AppUITests.release.xcconfig */;
			buildSettings = {
				ALWAYS_EMBED_SWIFT_STANDARD_LIBRARIES = YES;
				CODE_SIGN_STYLE = Automatic;
				CURRENT_PROJECT_VERSION = 1;
				GENERATE_INFOPLIST_FILE = YES;
				MARKETING_VERSION = 1.0;
				PRODUCT_BUNDLE_IDENTIFIER = "MahmoudSaad.Sports-AppUITests";
				PRODUCT_NAME = "$(TARGET_NAME)";
				SWIFT_EMIT_LOC_STRINGS = NO;
				SWIFT_VERSION = 5.0;
				TARGETED_DEVICE_FAMILY = "1,2";
				TEST_TARGET_NAME = "Sports App";
			};
			name = Release;
		};
/* End XCBuildConfiguration section */

/* Begin XCConfigurationList section */
		82BFCD0F289ADC8B0091295E /* Build configuration list for PBXProject "Sports App" */ = {
			isa = XCConfigurationList;
			buildConfigurations = (
				82BFCD3F289ADC8C0091295E /* Debug */,
				82BFCD40289ADC8C0091295E /* Release */,
			);
			defaultConfigurationIsVisible = 0;
			defaultConfigurationName = Release;
		};
		82BFCD41289ADC8C0091295E /* Build configuration list for PBXNativeTarget "Sports App" */ = {
			isa = XCConfigurationList;
			buildConfigurations = (
				82BFCD42289ADC8C0091295E /* Debug */,
				82BFCD43289ADC8C0091295E /* Release */,
			);
			defaultConfigurationIsVisible = 0;
			defaultConfigurationName = Release;
		};
		82BFCD44289ADC8C0091295E /* Build configuration list for PBXNativeTarget "Sports AppTests" */ = {
			isa = XCConfigurationList;
			buildConfigurations = (
				82BFCD45289ADC8C0091295E /* Debug */,
				82BFCD46289ADC8C0091295E /* Release */,
			);
			defaultConfigurationIsVisible = 0;
			defaultConfigurationName = Release;
		};
		82BFCD47289ADC8C0091295E /* Build configuration list for PBXNativeTarget "Sports AppUITests" */ = {
			isa = XCConfigurationList;
			buildConfigurations = (
				82BFCD48289ADC8C0091295E /* Debug */,
				82BFCD49289ADC8C0091295E /* Release */,
			);
			defaultConfigurationIsVisible = 0;
			defaultConfigurationName = Release;
		};
/* End XCConfigurationList section */

/* Begin XCVersionGroup section */
		82BFCD20289ADC8B0091295E /* Sports_App.xcdatamodeld */ = {
			isa = XCVersionGroup;
			children = (
				82BFCD21289ADC8B0091295E /* Sports_App.xcdatamodel */,
			);
			currentVersion = 82BFCD21289ADC8B0091295E /* Sports_App.xcdatamodel */;
			path = Sports_App.xcdatamodeld;
			sourceTree = "<group>";
			versionGroupType = wrapper.xcdatamodel;
		};
/* End XCVersionGroup section */
	};
	rootObject = 82BFCD0C289ADC8B0091295E /* Project object */;
}
